// !$*UTF8*$!
{
	archiveVersion = 1;
	classes = {
	};
	objectVersion = 46;
	objects = {

/* Begin PBXBuildFile section */
		6D61C994F17186C1E299C639 /* Pods_CJComplexUIKitDemoTests.framework in Frameworks */ = {isa = PBXBuildFile; fileRef = 410A23C0D945828A1EBF5E31 /* Pods_CJComplexUIKitDemoTests.framework */; };
		780E46051E5DF87B00980127 /* main.m in Sources */ = {isa = PBXBuildFile; fileRef = 780E46041E5DF87B00980127 /* main.m */; };
		780E46081E5DF87B00980127 /* AppDelegate.m in Sources */ = {isa = PBXBuildFile; fileRef = 780E46071E5DF87B00980127 /* AppDelegate.m */; };
		780E460E1E5DF87B00980127 /* Main.storyboard in Resources */ = {isa = PBXBuildFile; fileRef = 780E460C1E5DF87B00980127 /* Main.storyboard */; };
		780E46131E5DF87B00980127 /* LaunchScreen.storyboard in Resources */ = {isa = PBXBuildFile; fileRef = 780E46111E5DF87B00980127 /* LaunchScreen.storyboard */; };
		780E461E1E5DF87B00980127 /* CJComplexUIKitDemoTests.m in Sources */ = {isa = PBXBuildFile; fileRef = 780E461D1E5DF87B00980127 /* CJComplexUIKitDemoTests.m */; };
		780E46291E5DF87B00980127 /* CJComplexUIKitDemoUITests.m in Sources */ = {isa = PBXBuildFile; fileRef = 780E46281E5DF87B00980127 /* CJComplexUIKitDemoUITests.m */; };
		78590D09215C79DD00F45AD5 /* add_red.png in Resources */ = {isa = PBXBuildFile; fileRef = 78590C6B215C79DC00F45AD5 /* add_red.png */; };
		78590D0A215C79DD00F45AD5 /* add_red@2x.png in Resources */ = {isa = PBXBuildFile; fileRef = 78590C6C215C79DC00F45AD5 /* add_red@2x.png */; };
		78590D0C215C79DD00F45AD5 /* UploadNoneImagePickerViewController.m in Sources */ = {isa = PBXBuildFile; fileRef = 78590C71215C79DC00F45AD5 /* UploadNoneImagePickerViewController.m */; };
		78590D0D215C79DD00F45AD5 /* UploadDirectlyImagePickerViewController.xib in Resources */ = {isa = PBXBuildFile; fileRef = 78590C72215C79DC00F45AD5 /* UploadDirectlyImagePickerViewController.xib */; };
		78590D0F215C79DD00F45AD5 /* UploadDirectlyImagePickerViewController.m in Sources */ = {isa = PBXBuildFile; fileRef = 78590C74215C79DC00F45AD5 /* UploadDirectlyImagePickerViewController.m */; };
		78590D10215C79DD00F45AD5 /* UploadNoneImagePickerViewController.xib in Resources */ = {isa = PBXBuildFile; fileRef = 78590C75215C79DC00F45AD5 /* UploadNoneImagePickerViewController.xib */; };
		789A4F3521FAF3A8001528B9 /* MemoryADCollectionViewCell.m in Sources */ = {isa = PBXBuildFile; fileRef = 789A4EE921FAF3A8001528B9 /* MemoryADCollectionViewCell.m */; };
		789A4F3621FAF3A8001528B9 /* MyCycleADViewController.m in Sources */ = {isa = PBXBuildFile; fileRef = 789A4EEA21FAF3A8001528B9 /* MyCycleADViewController.m */; };
		789A4F3721FAF3A8001528B9 /* MyADModel.m in Sources */ = {isa = PBXBuildFile; fileRef = 789A4EEC21FAF3A8001528B9 /* MyADModel.m */; };
		789A4F3821FAF3A8001528B9 /* MemoryADKnowledge07.jpg in Resources */ = {isa = PBXBuildFile; fileRef = 789A4EEE21FAF3A8001528B9 /* MemoryADKnowledge07.jpg */; };
		789A4F3921FAF3A8001528B9 /* MemoryADExample01.jpg in Resources */ = {isa = PBXBuildFile; fileRef = 789A4EEF21FAF3A8001528B9 /* MemoryADExample01.jpg */; };
		789A4F3A21FAF3A8001528B9 /* MemoryADKnowledge06.jpg in Resources */ = {isa = PBXBuildFile; fileRef = 789A4EF021FAF3A8001528B9 /* MemoryADKnowledge06.jpg */; };
		789A4F3B21FAF3A8001528B9 /* MemoryAD05.jpg in Resources */ = {isa = PBXBuildFile; fileRef = 789A4EF121FAF3A8001528B9 /* MemoryAD05.jpg */; };
		789A4F3C21FAF3A8001528B9 /* MemoryADKnowledge04.jpg in Resources */ = {isa = PBXBuildFile; fileRef = 789A4EF221FAF3A8001528B9 /* MemoryADKnowledge04.jpg */; };
		789A4F3D21FAF3A8001528B9 /* MemoryADExplain01.jpg in Resources */ = {isa = PBXBuildFile; fileRef = 789A4EF321FAF3A8001528B9 /* MemoryADExplain01.jpg */; };
		789A4F3E21FAF3A8001528B9 /* MemoryADExample03.jpg in Resources */ = {isa = PBXBuildFile; fileRef = 789A4EF421FAF3A8001528B9 /* MemoryADExample03.jpg */; };
		789A4F3F21FAF3A8001528B9 /* MemoryADExample02.jpg in Resources */ = {isa = PBXBuildFile; fileRef = 789A4EF521FAF3A8001528B9 /* MemoryADExample02.jpg */; };
		789A4F4021FAF3A8001528B9 /* MemoryADKnowledge05.jpg in Resources */ = {isa = PBXBuildFile; fileRef = 789A4EF621FAF3A8001528B9 /* MemoryADKnowledge05.jpg */; };
		789A4F4121FAF3A8001528B9 /* MemoryADKnowledge01.jpg in Resources */ = {isa = PBXBuildFile; fileRef = 789A4EF721FAF3A8001528B9 /* MemoryADKnowledge01.jpg */; };
		789A4F4221FAF3A8001528B9 /* MemoryADResult02.jpg in Resources */ = {isa = PBXBuildFile; fileRef = 789A4EF821FAF3A8001528B9 /* MemoryADResult02.jpg */; };
		789A4F4321FAF3A8001528B9 /* MemoryAD29.jpg in Resources */ = {isa = PBXBuildFile; fileRef = 789A4EF921FAF3A8001528B9 /* MemoryAD29.jpg */; };
		789A4F4421FAF3A8001528B9 /* MemoryADKnowledge02.jpg in Resources */ = {isa = PBXBuildFile; fileRef = 789A4EFA21FAF3A8001528B9 /* MemoryADKnowledge02.jpg */; };
		789A4F4521FAF3A8001528B9 /* MemoryADExample05.jpg in Resources */ = {isa = PBXBuildFile; fileRef = 789A4EFB21FAF3A8001528B9 /* MemoryADExample05.jpg */; };
		789A4F4621FAF3A8001528B9 /* MemoryADExample04.jpg in Resources */ = {isa = PBXBuildFile; fileRef = 789A4EFC21FAF3A8001528B9 /* MemoryADExample04.jpg */; };
		789A4F4721FAF3A8001528B9 /* MemoryADKnowledge03.jpg in Resources */ = {isa = PBXBuildFile; fileRef = 789A4EFD21FAF3A8001528B9 /* MemoryADKnowledge03.jpg */; };
		789A4F4821FAF3A8001528B9 /* MemoryADResult01.gif in Resources */ = {isa = PBXBuildFile; fileRef = 789A4EFE21FAF3A8001528B9 /* MemoryADResult01.gif */; };
		789A4F4921FAF3A8001528B9 /* MemoryADPose02.jpg in Resources */ = {isa = PBXBuildFile; fileRef = 789A4EFF21FAF3A8001528B9 /* MemoryADPose02.jpg */; };
		789A4F4A21FAF3A8001528B9 /* MemoryAD32.jpg in Resources */ = {isa = PBXBuildFile; fileRef = 789A4F0021FAF3A8001528B9 /* MemoryAD32.jpg */; };
		789A4F4B21FAF3A8001528B9 /* MemoryADPose01.jpg in Resources */ = {isa = PBXBuildFile; fileRef = 789A4F0121FAF3A8001528B9 /* MemoryADPose01.jpg */; };
		789A4F4C21FAF3A8001528B9 /* MemoryADTime02.jpg in Resources */ = {isa = PBXBuildFile; fileRef = 789A4F0221FAF3A8001528B9 /* MemoryADTime02.jpg */; };
		789A4F4D21FAF3A8001528B9 /* MemoryAD08.jpg in Resources */ = {isa = PBXBuildFile; fileRef = 789A4F0321FAF3A8001528B9 /* MemoryAD08.jpg */; };
		789A4F4E21FAF3A8001528B9 /* MemoryADTime01.jpg in Resources */ = {isa = PBXBuildFile; fileRef = 789A4F0421FAF3A8001528B9 /* MemoryADTime01.jpg */; };
		789A4F4F21FAF3A8001528B9 /* MemoryAD09.jpg in Resources */ = {isa = PBXBuildFile; fileRef = 789A4F0521FAF3A8001528B9 /* MemoryAD09.jpg */; };
		789A4F5021FAF3A8001528B9 /* MyCycleADViewController.xib in Resources */ = {isa = PBXBuildFile; fileRef = 789A4F0721FAF3A8001528B9 /* MyCycleADViewController.xib */; };
		789A4F5121FAF3A8001528B9 /* CollectionHomeViewController.m in Sources */ = {isa = PBXBuildFile; fileRef = 789A4F0921FAF3A8001528B9 /* CollectionHomeViewController.m */; };
		789A4F5A21FAF3A8001528B9 /* MyEqualCellSizeView.m in Sources */ = {isa = PBXBuildFile; fileRef = 789A4F1921FAF3A8001528B9 /* MyEqualCellSizeView.m */; };
		789A4F5B21FAF3A8001528B9 /* MyEqualCellSizeViewController.m in Sources */ = {isa = PBXBuildFile; fileRef = 789A4F1A21FAF3A8001528B9 /* MyEqualCellSizeViewController.m */; };
		789A4F5C21FAF3A8001528B9 /* MyEqualCellSizeCollectionViewController.m in Sources */ = {isa = PBXBuildFile; fileRef = 789A4F1B21FAF3A8001528B9 /* MyEqualCellSizeCollectionViewController.m */; };
		789A4F5D21FAF3A8001528B9 /* MyEqualCellSizeCollectionViewController.xib in Resources */ = {isa = PBXBuildFile; fileRef = 789A4F1C21FAF3A8001528B9 /* MyEqualCellSizeCollectionViewController.xib */; };
		789A4F5E21FAF3A8001528B9 /* MyEqualCellSizeViewController.xib in Resources */ = {isa = PBXBuildFile; fileRef = 789A4F2021FAF3A8001528B9 /* MyEqualCellSizeViewController.xib */; };
		789A4F5F21FAF3A8001528B9 /* CvDemo_Complex.m in Sources */ = {isa = PBXBuildFile; fileRef = 789A4F2221FAF3A8001528B9 /* CvDemo_Complex.m */; };
		789A4F6021FAF3A8001528B9 /* CvDemo_Complex+Event.m in Sources */ = {isa = PBXBuildFile; fileRef = 789A4F2421FAF3A8001528B9 /* CvDemo_Complex+Event.m */; };
		789A4F6121FAF3A8001528B9 /* CvDemo_Complex.xib in Resources */ = {isa = PBXBuildFile; fileRef = 789A4F2621FAF3A8001528B9 /* CvDemo_Complex.xib */; };
		789A4F6221FAF3A8001528B9 /* Detail.m in Sources */ = {isa = PBXBuildFile; fileRef = 789A4F2721FAF3A8001528B9 /* Detail.m */; };
		789A4F6321FAF3A8001528B9 /* NibCell.xib in Resources */ = {isa = PBXBuildFile; fileRef = 789A4F2921FAF3A8001528B9 /* NibCell.xib */; };
		789A4F6421FAF3A8001528B9 /* cvSupplementaryFoot.xib in Resources */ = {isa = PBXBuildFile; fileRef = 789A4F2B21FAF3A8001528B9 /* cvSupplementaryFoot.xib */; };
		789A4F6521FAF3A8001528B9 /* CustomCollectionViewCell.m in Sources */ = {isa = PBXBuildFile; fileRef = 789A4F2C21FAF3A8001528B9 /* CustomCollectionViewCell.m */; };
		789A4F6621FAF3A8001528B9 /* cvSupplementaryHead.xib in Resources */ = {isa = PBXBuildFile; fileRef = 789A4F2D21FAF3A8001528B9 /* cvSupplementaryHead.xib */; };
		789A4F6721FAF3A8001528B9 /* cvSupplementaryFoot.m in Sources */ = {isa = PBXBuildFile; fileRef = 789A4F2E21FAF3A8001528B9 /* cvSupplementaryFoot.m */; };
		789A4F6821FAF3A8001528B9 /* cvSupplementaryHead.m in Sources */ = {isa = PBXBuildFile; fileRef = 789A4F2F21FAF3A8001528B9 /* cvSupplementaryHead.m */; };
		789A4F6921FAF3A8001528B9 /* CustomCollectionViewCell.xib in Resources */ = {isa = PBXBuildFile; fileRef = 789A4F3221FAF3A8001528B9 /* CustomCollectionViewCell.xib */; };
		789A4F6A21FAF3A8001528B9 /* Detail.xib in Resources */ = {isa = PBXBuildFile; fileRef = 789A4F3321FAF3A8001528B9 /* Detail.xib */; };
		789A4F8E21FAF3FB001528B9 /* ReuseDataSourceTableViewController.m in Sources */ = {isa = PBXBuildFile; fileRef = 789A4F6F21FAF3FA001528B9 /* ReuseDataSourceTableViewController.m */; };
		789A4F8F21FAF3FB001528B9 /* TvDemo_Complex.xib in Resources */ = {isa = PBXBuildFile; fileRef = 789A4F7421FAF3FA001528B9 /* TvDemo_Complex.xib */; };
		789A4F9121FAF3FB001528B9 /* TvDemo_Complex+Event.m in Sources */ = {isa = PBXBuildFile; fileRef = 789A4F7821FAF3FB001528B9 /* TvDemo_Complex+Event.m */; };
		789A4F9421FAF3FB001528B9 /* TvDemo_Complex.m in Sources */ = {isa = PBXBuildFile; fileRef = 789A4F7B21FAF3FB001528B9 /* TvDemo_Complex.m */; };
		789A4F9521FAF3FB001528B9 /* TableViewController.xib in Resources */ = {isa = PBXBuildFile; fileRef = 789A4F7C21FAF3FB001528B9 /* TableViewController.xib */; };
		789A4F9821FAF3FB001528B9 /* TableViewController.m in Sources */ = {isa = PBXBuildFile; fileRef = 789A4F7F21FAF3FB001528B9 /* TableViewController.m */; };
		789A4F9A21FAF3FB001528B9 /* TableHomeViewController.m in Sources */ = {isa = PBXBuildFile; fileRef = 789A4F8121FAF3FB001528B9 /* TableHomeViewController.m */; };
		789A4F9B21FAF3FB001528B9 /* SHeaderHome2.m in Sources */ = {isa = PBXBuildFile; fileRef = 789A4F8321FAF3FB001528B9 /* SHeaderHome2.m */; };
		789A4F9D21FAF3FB001528B9 /* CustomTableViewCell.xib in Resources */ = {isa = PBXBuildFile; fileRef = 789A4F8521FAF3FB001528B9 /* CustomTableViewCell.xib */; };
		789A4F9E21FAF3FB001528B9 /* CustomTableViewCell.m in Sources */ = {isa = PBXBuildFile; fileRef = 789A4F8621FAF3FB001528B9 /* CustomTableViewCell.m */; };
		789A4FA021FAF3FB001528B9 /* SHeaderHome2.xib in Resources */ = {isa = PBXBuildFile; fileRef = 789A4F8A21FAF3FB001528B9 /* SHeaderHome2.xib */; };
		8014A2801FA2C2E500DDDB5A /* AppDelegate+WindowRootViewController.m in Sources */ = {isa = PBXBuildFile; fileRef = 8014A27F1FA2C2E500DDDB5A /* AppDelegate+WindowRootViewController.m */; };
		80D49F8B20BE7EE0003F642C /* CJDataUtilTest.m in Sources */ = {isa = PBXBuildFile; fileRef = 80D49F8A20BE7EE0003F642C /* CJDataUtilTest.m */; };
		80D49F8F20BE8574003F642C /* TestCityModel.m in Sources */ = {isa = PBXBuildFile; fileRef = 80D49F8E20BE8574003F642C /* TestCityModel.m */; };
		80E7E68920AC37CA000F762D /* IjinbuNetworkClient+Login.m in Sources */ = {isa = PBXBuildFile; fileRef = 80E7E68720AC37CA000F762D /* IjinbuNetworkClient+Login.m */; };
		9729D80C300188E600FFF239 /* CustomTripProgressView.m in Sources */ = {isa = PBXBuildFile; fileRef = 9729D808300188E600FFF239 /* CustomTripProgressView.m */; };
		9729D80D300188E600FFF239 /* ProcessLineView.m in Sources */ = {isa = PBXBuildFile; fileRef = 9729D80A300188E600FFF239 /* ProcessLineView.m */; };
		976CB3502FFE6C9D000505DD /* TestDataModel.m in Sources */ = {isa = PBXBuildFile; fileRef = 976CB3412FFE6C9D000505DD /* TestDataModel.m */; };
		976CB3512FFE6C9D000505DD /* TestDataUtil.m in Sources */ = {isa = PBXBuildFile; fileRef = 976CB3442FFE6C9D000505DD /* TestDataUtil.m */; };
		976CB3522FFE6C9D000505DD /* DemoInfo.m in Sources */ = {isa = PBXBuildFile; fileRef = 976CB33F2FFE6C9D000505DD /* DemoInfo.m */; };
		976CB3592FFE6CF6000505DD /* AppInfo.m in Sources */ = {isa = PBXBuildFile; fileRef = 976CB3542FFE6CF6000505DD /* AppInfo.m */; };
		976CB35A2FFE6CF6000505DD /* AppInfoManager.m in Sources */ = {isa = PBXBuildFile; fileRef = 976CB3562FFE6CF6000505DD /* AppInfoManager.m */; };
		976CB3632FFE710E000505DD /* loading_03.json in Resources */ = {isa = PBXBuildFile; fileRef = 976CB35E2FFE710E000505DD /* loading_03.json */; };
		976CB3642FFE710E000505DD /* loading_tea.json in Resources */ = {isa = PBXBuildFile; fileRef = 976CB3602FFE710E000505DD /* loading_tea.json */; };
		976CB3652FFE710E000505DD /* loading_test.json in Resources */ = {isa = PBXBuildFile; fileRef = 976CB3612FFE710E000505DD /* loading_test.json */; };
		976CB3662FFE710E000505DD /* loading_coffee.json in Resources */ = {isa = PBXBuildFile; fileRef = 976CB35F2FFE710E000505DD /* loading_coffee.json */; };
		976CB36C2FFE76A0000505DD /* TSAlertManager.m in Sources */ = {isa = PBXBuildFile; fileRef = 976CB36A2FFE76A0000505DD /* TSAlertManager.m */; };
		976CB36D2FFE76A0000505DD /* CJBaseAlertView+TSPopupAction.m in Sources */ = {isa = PBXBuildFile; fileRef = 976CB3682FFE76A0000505DD /* CJBaseAlertView+TSPopupAction.m */; };
		976CB3762FFE8262000505DD /* AppAssets.xcassets in Resources */ = {isa = PBXBuildFile; fileRef = 976CB36E2FFE8262000505DD /* AppAssets.xcassets */; };
		976CB3772FFE8262000505DD /* CQControlWidgetTextSectionExample.json in Resources */ = {isa = PBXBuildFile; fileRef = 976CB3722FFE8262000505DD /* CQControlWidgetTextSectionExample.json */; };
		976CB3782FFE8262000505DD /* bg@2x.jpg in Resources */ = {isa = PBXBuildFile; fileRef = 976CB3702FFE8262000505DD /* bg@2x.jpg */; };
		976CB3792FFE8262000505DD /* MainAsset.xcassets in Resources */ = {isa = PBXBuildFile; fileRef = 976CB3742FFE8262000505DD /* MainAsset.xcassets */; };
		976CB37A2FFE8262000505DD /* ThirdPartIcon.xcassets in Resources */ = {isa = PBXBuildFile; fileRef = 976CB3752FFE8262000505DD /* ThirdPartIcon.xcassets */; };
		976CB37B2FFE8262000505DD /* AppCommon.xcassets in Resources */ = {isa = PBXBuildFile; fileRef = 976CB36F2FFE8262000505DD /* AppCommon.xcassets */; };
		976CB37C2FFE8262000505DD /* CQControlWidgetColorSymbolSectionExample.json in Resources */ = {isa = PBXBuildFile; fileRef = 976CB3712FFE8262000505DD /* CQControlWidgetColorSymbolSectionExample.json */; };
		C2849CA383CBF0E734AE6DE8 /* Pods_CJComplexUIKitDemo.framework in Frameworks */ = {isa = PBXBuildFile; fileRef = 30757D6810FE9E3D37A620D8 /* Pods_CJComplexUIKitDemo.framework */; };
/* End PBXBuildFile section */

/* Begin PBXContainerItemProxy section */
		780E461A1E5DF87B00980127 /* PBXContainerItemProxy */ = {
			isa = PBXContainerItemProxy;
			containerPortal = 780E45F81E5DF87B00980127 /* Project object */;
			proxyType = 1;
			remoteGlobalIDString = 780E45FF1E5DF87B00980127;
			remoteInfo = CJUIKitDemo;
		};
		780E46251E5DF87B00980127 /* PBXContainerItemProxy */ = {
			isa = PBXContainerItemProxy;
			containerPortal = 780E45F81E5DF87B00980127 /* Project object */;
			proxyType = 1;
			remoteGlobalIDString = 780E45FF1E5DF87B00980127;
			remoteInfo = CJUIKitDemo;
		};
/* End PBXContainerItemProxy section */

/* Begin PBXFileReference section */
		05BA2EB03EB792C4C1C86BCE /* Pods-CJComplexUIKitDemo.debug.xcconfig */ = {isa = PBXFileReference; includeInIndex = 1; lastKnownFileType = text.xcconfig; name = "Pods-CJComplexUIKitDemo.debug.xcconfig"; path = "Pods/Target Support Files/Pods-CJComplexUIKitDemo/Pods-CJComplexUIKitDemo.debug.xcconfig"; sourceTree = "<group>"; };
		18C1A083041B9B42AD45248F /* Pods-CJComplexUIKitDemo.release.xcconfig */ = {isa = PBXFileReference; includeInIndex = 1; lastKnownFileType = text.xcconfig; name = "Pods-CJComplexUIKitDemo.release.xcconfig"; path = "Pods/Target Support Files/Pods-CJComplexUIKitDemo/Pods-CJComplexUIKitDemo.release.xcconfig"; sourceTree = "<group>"; };
		30757D6810FE9E3D37A620D8 /* Pods_CJComplexUIKitDemo.framework */ = {isa = PBXFileReference; explicitFileType = wrapper.framework; includeInIndex = 0; path = Pods_CJComplexUIKitDemo.framework; sourceTree = BUILT_PRODUCTS_DIR; };
		3792BE1F43A6FBA9A33BADA4 /* Pods-CJComplexUIKitDemoTests.debug.xcconfig */ = {isa = PBXFileReference; includeInIndex = 1; lastKnownFileType = text.xcconfig; name = "Pods-CJComplexUIKitDemoTests.debug.xcconfig"; path = "Pods/Target Support Files/Pods-CJComplexUIKitDemoTests/Pods-CJComplexUIKitDemoTests.debug.xcconfig"; sourceTree = "<group>"; };
		410A23C0D945828A1EBF5E31 /* Pods_CJComplexUIKitDemoTests.framework */ = {isa = PBXFileReference; explicitFileType = wrapper.framework; includeInIndex = 0; path = Pods_CJComplexUIKitDemoTests.framework; sourceTree = BUILT_PRODUCTS_DIR; };
		780E46001E5DF87B00980127 /* CJComplexUIKitDemo.app */ = {isa = PBXFileReference; explicitFileType = wrapper.application; includeInIndex = 0; path = CJComplexUIKitDemo.app; sourceTree = BUILT_PRODUCTS_DIR; };
		780E46041E5DF87B00980127 /* main.m */ = {isa = PBXFileReference; lastKnownFileType = sourcecode.c.objc; path = main.m; sourceTree = "<group>"; };
		780E46061E5DF87B00980127 /* AppDelegate.h */ = {isa = PBXFileReference; lastKnownFileType = sourcecode.c.h; path = AppDelegate.h; sourceTree = "<group>"; };
		780E46071E5DF87B00980127 /* AppDelegate.m */ = {isa = PBXFileReference; lastKnownFileType = sourcecode.c.objc; path = AppDelegate.m; sourceTree = "<group>"; };
		780E460D1E5DF87B00980127 /* Base */ = {isa = PBXFileReference; lastKnownFileType = file.storyboard; name = Base; path = Base.lproj/Main.storyboard; sourceTree = "<group>"; };
		780E46121E5DF87B00980127 /* Base */ = {isa = PBXFileReference; lastKnownFileType = file.storyboard; name = Base; path = Base.lproj/LaunchScreen.storyboard; sourceTree = "<group>"; };
		780E46141E5DF87B00980127 /* Info.plist */ = {isa = PBXFileReference; lastKnownFileType = text.plist.xml; path = Info.plist; sourceTree = "<group>"; };
		780E46191E5DF87B00980127 /* CJComplexUIKitDemoTests.xctest */ = {isa = PBXFileReference; explicitFileType = wrapper.cfbundle; includeInIndex = 0; path = CJComplexUIKitDemoTests.xctest; sourceTree = BUILT_PRODUCTS_DIR; };
		780E461D1E5DF87B00980127 /* CJComplexUIKitDemoTests.m */ = {isa = PBXFileReference; lastKnownFileType = sourcecode.c.objc; path = CJComplexUIKitDemoTests.m; sourceTree = "<group>"; };
		780E461F1E5DF87B00980127 /* Info.plist */ = {isa = PBXFileReference; lastKnownFileType = text.plist.xml; path = Info.plist; sourceTree = "<group>"; };
		780E46241E5DF87B00980127 /* CJComplexUIKitDemoUITests.xctest */ = {isa = PBXFileReference; explicitFileType = wrapper.cfbundle; includeInIndex = 0; path = CJComplexUIKitDemoUITests.xctest; sourceTree = BUILT_PRODUCTS_DIR; };
		780E46281E5DF87B00980127 /* CJComplexUIKitDemoUITests.m */ = {isa = PBXFileReference; lastKnownFileType = sourcecode.c.objc; path = CJComplexUIKitDemoUITests.m; sourceTree = "<group>"; };
		780E462A1E5DF87B00980127 /* Info.plist */ = {isa = PBXFileReference; lastKnownFileType = text.plist.xml; path = Info.plist; sourceTree = "<group>"; };
		78590C6B215C79DC00F45AD5 /* add_red.png */ = {isa = PBXFileReference; lastKnownFileType = image.png; path = add_red.png; sourceTree = "<group>"; };
		78590C6C215C79DC00F45AD5 /* add_red@2x.png */ = {isa = PBXFileReference; lastKnownFileType = image.png; path = "add_red@2x.png"; sourceTree = "<group>"; };
		78590C70215C79DC00F45AD5 /* UploadDirectlyImagePickerViewController.h */ = {isa = PBXFileReference; fileEncoding = 4; lastKnownFileType = sourcecode.c.h; path = UploadDirectlyImagePickerViewController.h; sourceTree = "<group>"; };
		78590C71215C79DC00F45AD5 /* UploadNoneImagePickerViewController.m */ = {isa = PBXFileReference; fileEncoding = 4; lastKnownFileType = sourcecode.c.objc; path = UploadNoneImagePickerViewController.m; sourceTree = "<group>"; };
		78590C72215C79DC00F45AD5 /* UploadDirectlyImagePickerViewController.xib */ = {isa = PBXFileReference; fileEncoding = 4; lastKnownFileType = file.xib; path = UploadDirectlyImagePickerViewController.xib; sourceTree = "<group>"; };
		78590C74215C79DC00F45AD5 /* UploadDirectlyImagePickerViewController.m */ = {isa = PBXFileReference; fileEncoding = 4; lastKnownFileType = sourcecode.c.objc; path = UploadDirectlyImagePickerViewController.m; sourceTree = "<group>"; };
		78590C75215C79DC00F45AD5 /* UploadNoneImagePickerViewController.xib */ = {isa = PBXFileReference; fileEncoding = 4; lastKnownFileType = file.xib; path = UploadNoneImagePickerViewController.xib; sourceTree = "<group>"; };
		78590C76215C79DC00F45AD5 /* UploadNoneImagePickerViewController.h */ = {isa = PBXFileReference; fileEncoding = 4; lastKnownFileType = sourcecode.c.h; path = UploadNoneImagePickerViewController.h; sourceTree = "<group>"; };
		789A4EE821FAF3A8001528B9 /* MyADModel.h */ = {isa = PBXFileReference; fileEncoding = 4; lastKnownFileType = sourcecode.c.h; path = MyADModel.h; sourceTree = "<group>"; };
		789A4EE921FAF3A8001528B9 /* MemoryADCollectionViewCell.m */ = {isa = PBXFileReference; fileEncoding = 4; lastKnownFileType = sourcecode.c.objc; path = MemoryADCollectionViewCell.m; sourceTree = "<group>"; };
		789A4EEA21FAF3A8001528B9 /* MyCycleADViewController.m */ = {isa = PBXFileReference; fileEncoding = 4; lastKnownFileType = sourcecode.c.objc; path = MyCycleADViewController.m; sourceTree = "<group>"; };
		789A4EEB21FAF3A8001528B9 /* MemoryADCollectionViewCell.h */ = {isa = PBXFileReference; fileEncoding = 4; lastKnownFileType = sourcecode.c.h; path = MemoryADCollectionViewCell.h; sourceTree = "<group>"; };
		789A4EEC21FAF3A8001528B9 /* MyADModel.m */ = {isa = PBXFileReference; fileEncoding = 4; lastKnownFileType = sourcecode.c.objc; path = MyADModel.m; sourceTree = "<group>"; };
		789A4EEE21FAF3A8001528B9 /* MemoryADKnowledge07.jpg */ = {isa = PBXFileReference; lastKnownFileType = image.jpeg; path = MemoryADKnowledge07.jpg; sourceTree = "<group>"; };
		789A4EEF21FAF3A8001528B9 /* MemoryADExample01.jpg */ = {isa = PBXFileReference; lastKnownFileType = image.jpeg; path = MemoryADExample01.jpg; sourceTree = "<group>"; };
		789A4EF021FAF3A8001528B9 /* MemoryADKnowledge06.jpg */ = {isa = PBXFileReference; lastKnownFileType = image.jpeg; path = MemoryADKnowledge06.jpg; sourceTree = "<group>"; };
		789A4EF121FAF3A8001528B9 /* MemoryAD05.jpg */ = {isa = PBXFileReference; lastKnownFileType = image.jpeg; path = MemoryAD05.jpg; sourceTree = "<group>"; };
		789A4EF221FAF3A8001528B9 /* MemoryADKnowledge04.jpg */ = {isa = PBXFileReference; lastKnownFileType = image.jpeg; path = MemoryADKnowledge04.jpg; sourceTree = "<group>"; };
		789A4EF321FAF3A8001528B9 /* MemoryADExplain01.jpg */ = {isa = PBXFileReference; lastKnownFileType = image.jpeg; path = MemoryADExplain01.jpg; sourceTree = "<group>"; };
		789A4EF421FAF3A8001528B9 /* MemoryADExample03.jpg */ = {isa = PBXFileReference; lastKnownFileType = image.jpeg; path = MemoryADExample03.jpg; sourceTree = "<group>"; };
		789A4EF521FAF3A8001528B9 /* MemoryADExample02.jpg */ = {isa = PBXFileReference; lastKnownFileType = image.jpeg; path = MemoryADExample02.jpg; sourceTree = "<group>"; };
		789A4EF621FAF3A8001528B9 /* MemoryADKnowledge05.jpg */ = {isa = PBXFileReference; lastKnownFileType = image.jpeg; path = MemoryADKnowledge05.jpg; sourceTree = "<group>"; };
		789A4EF721FAF3A8001528B9 /* MemoryADKnowledge01.jpg */ = {isa = PBXFileReference; lastKnownFileType = image.jpeg; path = MemoryADKnowledge01.jpg; sourceTree = "<group>"; };
		789A4EF821FAF3A8001528B9 /* MemoryADResult02.jpg */ = {isa = PBXFileReference; lastKnownFileType = image.jpeg; path = MemoryADResult02.jpg; sourceTree = "<group>"; };
		789A4EF921FAF3A8001528B9 /* MemoryAD29.jpg */ = {isa = PBXFileReference; lastKnownFileType = image.jpeg; path = MemoryAD29.jpg; sourceTree = "<group>"; };
		789A4EFA21FAF3A8001528B9 /* MemoryADKnowledge02.jpg */ = {isa = PBXFileReference; lastKnownFileType = image.jpeg; path = MemoryADKnowledge02.jpg; sourceTree = "<group>"; };
		789A4EFB21FAF3A8001528B9 /* MemoryADExample05.jpg */ = {isa = PBXFileReference; lastKnownFileType = image.jpeg; path = MemoryADExample05.jpg; sourceTree = "<group>"; };
		789A4EFC21FAF3A8001528B9 /* MemoryADExample04.jpg */ = {isa = PBXFileReference; lastKnownFileType = image.jpeg; path = MemoryADExample04.jpg; sourceTree = "<group>"; };
		789A4EFD21FAF3A8001528B9 /* MemoryADKnowledge03.jpg */ = {isa = PBXFileReference; lastKnownFileType = image.jpeg; path = MemoryADKnowledge03.jpg; sourceTree = "<group>"; };
		789A4EFE21FAF3A8001528B9 /* MemoryADResult01.gif */ = {isa = PBXFileReference; lastKnownFileType = image.gif; path = MemoryADResult01.gif; sourceTree = "<group>"; };
		789A4EFF21FAF3A8001528B9 /* MemoryADPose02.jpg */ = {isa = PBXFileReference; lastKnownFileType = image.jpeg; path = MemoryADPose02.jpg; sourceTree = "<group>"; };
		789A4F0021FAF3A8001528B9 /* MemoryAD32.jpg */ = {isa = PBXFileReference; lastKnownFileType = image.jpeg; path = MemoryAD32.jpg; sourceTree = "<group>"; };
		789A4F0121FAF3A8001528B9 /* MemoryADPose01.jpg */ = {isa = PBXFileReference; lastKnownFileType = image.jpeg; path = MemoryADPose01.jpg; sourceTree = "<group>"; };
		789A4F0221FAF3A8001528B9 /* MemoryADTime02.jpg */ = {isa = PBXFileReference; lastKnownFileType = image.jpeg; path = MemoryADTime02.jpg; sourceTree = "<group>"; };
		789A4F0321FAF3A8001528B9 /* MemoryAD08.jpg */ = {isa = PBXFileReference; lastKnownFileType = image.jpeg; path = MemoryAD08.jpg; sourceTree = "<group>"; };
		789A4F0421FAF3A8001528B9 /* MemoryADTime01.jpg */ = {isa = PBXFileReference; lastKnownFileType = image.jpeg; path = MemoryADTime01.jpg; sourceTree = "<group>"; };
		789A4F0521FAF3A8001528B9 /* MemoryAD09.jpg */ = {isa = PBXFileReference; lastKnownFileType = image.jpeg; path = MemoryAD09.jpg; sourceTree = "<group>"; };
		789A4F0621FAF3A8001528B9 /* MyCycleADViewController.h */ = {isa = PBXFileReference; fileEncoding = 4; lastKnownFileType = sourcecode.c.h; path = MyCycleADViewController.h; sourceTree = "<group>"; };
		789A4F0721FAF3A8001528B9 /* MyCycleADViewController.xib */ = {isa = PBXFileReference; fileEncoding = 4; lastKnownFileType = file.xib; path = MyCycleADViewController.xib; sourceTree = "<group>"; };
		789A4F0821FAF3A8001528B9 /* CollectionHomeViewController.h */ = {isa = PBXFileReference; fileEncoding = 4; lastKnownFileType = sourcecode.c.h; path = CollectionHomeViewController.h; sourceTree = "<group>"; };
		789A4F0921FAF3A8001528B9 /* CollectionHomeViewController.m */ = {isa = PBXFileReference; fileEncoding = 4; lastKnownFileType = sourcecode.c.objc; path = CollectionHomeViewController.m; sourceTree = "<group>"; };
		789A4F1921FAF3A8001528B9 /* MyEqualCellSizeView.m */ = {isa = PBXFileReference; fileEncoding = 4; lastKnownFileType = sourcecode.c.objc; path = MyEqualCellSizeView.m; sourceTree = "<group>"; };
		789A4F1A21FAF3A8001528B9 /* MyEqualCellSizeViewController.m */ = {isa = PBXFileReference; fileEncoding = 4; lastKnownFileType = sourcecode.c.objc; path = MyEqualCellSizeViewController.m; sourceTree = "<group>"; };
		789A4F1B21FAF3A8001528B9 /* MyEqualCellSizeCollectionViewController.m */ = {isa = PBXFileReference; fileEncoding = 4; lastKnownFileType = sourcecode.c.objc; path = MyEqualCellSizeCollectionViewController.m; sourceTree = "<group>"; };
		789A4F1C21FAF3A8001528B9 /* MyEqualCellSizeCollectionViewController.xib */ = {isa = PBXFileReference; fileEncoding = 4; lastKnownFileType = file.xib; path = MyEqualCellSizeCollectionViewController.xib; sourceTree = "<group>"; };
		789A4F1D21FAF3A8001528B9 /* MyEqualCellSizeViewController.h */ = {isa = PBXFileReference; fileEncoding = 4; lastKnownFileType = sourcecode.c.h; path = MyEqualCellSizeViewController.h; sourceTree = "<group>"; };
		789A4F1E21FAF3A8001528B9 /* MyEqualCellSizeView.h */ = {isa = PBXFileReference; fileEncoding = 4; lastKnownFileType = sourcecode.c.h; path = MyEqualCellSizeView.h; sourceTree = "<group>"; };
		789A4F1F21FAF3A8001528B9 /* MyEqualCellSizeCollectionViewController.h */ = {isa = PBXFileReference; fileEncoding = 4; lastKnownFileType = sourcecode.c.h; path = MyEqualCellSizeCollectionViewController.h; sourceTree = "<group>"; };
		789A4F2021FAF3A8001528B9 /* MyEqualCellSizeViewController.xib */ = {isa = PBXFileReference; fileEncoding = 4; lastKnownFileType = file.xib; path = MyEqualCellSizeViewController.xib; sourceTree = "<group>"; };
		789A4F2221FAF3A8001528B9 /* CvDemo_Complex.m */ = {isa = PBXFileReference; fileEncoding = 4; lastKnownFileType = sourcecode.c.objc; path = CvDemo_Complex.m; sourceTree = "<group>"; };
		789A4F2321FAF3A8001528B9 /* Detail.h */ = {isa = PBXFileReference; fileEncoding = 4; lastKnownFileType = sourcecode.c.h; path = Detail.h; sourceTree = "<group>"; };
		789A4F2421FAF3A8001528B9 /* CvDemo_Complex+Event.m */ = {isa = PBXFileReference; fileEncoding = 4; lastKnownFileType = sourcecode.c.objc; path = "CvDemo_Complex+Event.m"; sourceTree = "<group>"; };
		789A4F2521FAF3A8001528B9 /* CvDemo_Complex.h */ = {isa = PBXFileReference; fileEncoding = 4; lastKnownFileType = sourcecode.c.h; path = CvDemo_Complex.h; sourceTree = "<group>"; };
		789A4F2621FAF3A8001528B9 /* CvDemo_Complex.xib */ = {isa = PBXFileReference; fileEncoding = 4; lastKnownFileType = file.xib; path = CvDemo_Complex.xib; sourceTree = "<group>"; };
		789A4F2721FAF3A8001528B9 /* Detail.m */ = {isa = PBXFileReference; fileEncoding = 4; lastKnownFileType = sourcecode.c.objc; path = Detail.m; sourceTree = "<group>"; };
		789A4F2921FAF3A8001528B9 /* NibCell.xib */ = {isa = PBXFileReference; fileEncoding = 4; lastKnownFileType = file.xib; path = NibCell.xib; sourceTree = "<group>"; };
		789A4F2A21FAF3A8001528B9 /* cvSupplementaryHead.h */ = {isa = PBXFileReference; fileEncoding = 4; lastKnownFileType = sourcecode.c.h; path = cvSupplementaryHead.h; sourceTree = "<group>"; };
		789A4F2B21FAF3A8001528B9 /* cvSupplementaryFoot.xib */ = {isa = PBXFileReference; fileEncoding = 4; lastKnownFileType = file.xib; path = cvSupplementaryFoot.xib; sourceTree = "<group>"; };
		789A4F2C21FAF3A8001528B9 /* CustomCollectionViewCell.m */ = {isa = PBXFileReference; fileEncoding = 4; lastKnownFileType = sourcecode.c.objc; path = CustomCollectionViewCell.m; sourceTree = "<group>"; };
		789A4F2D21FAF3A8001528B9 /* cvSupplementaryHead.xib */ = {isa = PBXFileReference; fileEncoding = 4; lastKnownFileType = file.xib; path = cvSupplementaryHead.xib; sourceTree = "<group>"; };
		789A4F2E21FAF3A8001528B9 /* cvSupplementaryFoot.m */ = {isa = PBXFileReference; fileEncoding = 4; lastKnownFileType = sourcecode.c.objc; path = cvSupplementaryFoot.m; sourceTree = "<group>"; };
		789A4F2F21FAF3A8001528B9 /* cvSupplementaryHead.m */ = {isa = PBXFileReference; fileEncoding = 4; lastKnownFileType = sourcecode.c.objc; path = cvSupplementaryHead.m; sourceTree = "<group>"; };
		789A4F3021FAF3A8001528B9 /* cvSupplementaryFoot.h */ = {isa = PBXFileReference; fileEncoding = 4; lastKnownFileType = sourcecode.c.h; path = cvSupplementaryFoot.h; sourceTree = "<group>"; };
		789A4F3121FAF3A8001528B9 /* CustomCollectionViewCell.h */ = {isa = PBXFileReference; fileEncoding = 4; lastKnownFileType = sourcecode.c.h; path = CustomCollectionViewCell.h; sourceTree = "<group>"; };
		789A4F3221FAF3A8001528B9 /* CustomCollectionViewCell.xib */ = {isa = PBXFileReference; fileEncoding = 4; lastKnownFileType = file.xib; path = CustomCollectionViewCell.xib; sourceTree = "<group>"; };
		789A4F3321FAF3A8001528B9 /* Detail.xib */ = {isa = PBXFileReference; fileEncoding = 4; lastKnownFileType = file.xib; path = Detail.xib; sourceTree = "<group>"; };
		789A4F3421FAF3A8001528B9 /* CvDemo_Complex+Event.h */ = {isa = PBXFileReference; fileEncoding = 4; lastKnownFileType = sourcecode.c.h; path = "CvDemo_Complex+Event.h"; sourceTree = "<group>"; };
		789A4F6C21FAF3FA001528B9 /* TableHomeViewController.h */ = {isa = PBXFileReference; fileEncoding = 4; lastKnownFileType = sourcecode.c.h; path = TableHomeViewController.h; sourceTree = "<group>"; };
		789A4F6E21FAF3FA001528B9 /* TvDemo_Complex+Event.h */ = {isa = PBXFileReference; fileEncoding = 4; lastKnownFileType = sourcecode.c.h; path = "TvDemo_Complex+Event.h"; sourceTree = "<group>"; };
		789A4F6F21FAF3FA001528B9 /* ReuseDataSourceTableViewController.m */ = {isa = PBXFileReference; fileEncoding = 4; lastKnownFileType = sourcecode.c.objc; path = ReuseDataSourceTableViewController.m; sourceTree = "<group>"; };
		789A4F7221FAF3FA001528B9 /* TvDemo_Complex.h */ = {isa = PBXFileReference; fileEncoding = 4; lastKnownFileType = sourcecode.c.h; path = TvDemo_Complex.h; sourceTree = "<group>"; };
		789A4F7321FAF3FA001528B9 /* TableViewController.h */ = {isa = PBXFileReference; fileEncoding = 4; lastKnownFileType = sourcecode.c.h; path = TableViewController.h; sourceTree = "<group>"; };
		789A4F7421FAF3FA001528B9 /* TvDemo_Complex.xib */ = {isa = PBXFileReference; fileEncoding = 4; lastKnownFileType = file.xib; path = TvDemo_Complex.xib; sourceTree = "<group>"; };
		789A4F7721FAF3FA001528B9 /* ReuseDataSourceTableViewController.h */ = {isa = PBXFileReference; fileEncoding = 4; lastKnownFileType = sourcecode.c.h; path = ReuseDataSourceTableViewController.h; sourceTree = "<group>"; };
		789A4F7821FAF3FB001528B9 /* TvDemo_Complex+Event.m */ = {isa = PBXFileReference; fileEncoding = 4; lastKnownFileType = sourcecode.c.objc; path = "TvDemo_Complex+Event.m"; sourceTree = "<group>"; };
		789A4F7B21FAF3FB001528B9 /* TvDemo_Complex.m */ = {isa = PBXFileReference; fileEncoding = 4; lastKnownFileType = sourcecode.c.objc; path = TvDemo_Complex.m; sourceTree = "<group>"; };
		789A4F7C21FAF3FB001528B9 /* TableViewController.xib */ = {isa = PBXFileReference; fileEncoding = 4; lastKnownFileType = file.xib; path = TableViewController.xib; sourceTree = "<group>"; };
		789A4F7F21FAF3FB001528B9 /* TableViewController.m */ = {isa = PBXFileReference; fileEncoding = 4; lastKnownFileType = sourcecode.c.objc; path = TableViewController.m; sourceTree = "<group>"; };
		789A4F8121FAF3FB001528B9 /* TableHomeViewController.m */ = {isa = PBXFileReference; fileEncoding = 4; lastKnownFileType = sourcecode.c.objc; path = TableHomeViewController.m; sourceTree = "<group>"; };
		789A4F8321FAF3FB001528B9 /* SHeaderHome2.m */ = {isa = PBXFileReference; fileEncoding = 4; lastKnownFileType = sourcecode.c.objc; path = SHeaderHome2.m; sourceTree = "<group>"; };
		789A4F8521FAF3FB001528B9 /* CustomTableViewCell.xib */ = {isa = PBXFileReference; fileEncoding = 4; lastKnownFileType = file.xib; path = CustomTableViewCell.xib; sourceTree = "<group>"; };
		789A4F8621FAF3FB001528B9 /* CustomTableViewCell.m */ = {isa = PBXFileReference; fileEncoding = 4; lastKnownFileType = sourcecode.c.objc; path = CustomTableViewCell.m; sourceTree = "<group>"; };
		789A4F8921FAF3FB001528B9 /* SHeaderHome2.h */ = {isa = PBXFileReference; fileEncoding = 4; lastKnownFileType = sourcecode.c.h; path = SHeaderHome2.h; sourceTree = "<group>"; };
		789A4F8A21FAF3FB001528B9 /* SHeaderHome2.xib */ = {isa = PBXFileReference; fileEncoding = 4; lastKnownFileType = file.xib; path = SHeaderHome2.xib; sourceTree = "<group>"; };
		789A4F8B21FAF3FB001528B9 /* CustomTableViewCell.h */ = {isa = PBXFileReference; fileEncoding = 4; lastKnownFileType = sourcecode.c.h; path = CustomTableViewCell.h; sourceTree = "<group>"; };
		8014A27E1FA2C2E500DDDB5A /* AppDelegate+WindowRootViewController.h */ = {isa = PBXFileReference; lastKnownFileType = sourcecode.c.h; path = "AppDelegate+WindowRootViewController.h"; sourceTree = "<group>"; };
		8014A27F1FA2C2E500DDDB5A /* AppDelegate+WindowRootViewController.m */ = {isa = PBXFileReference; lastKnownFileType = sourcecode.c.objc; path = "AppDelegate+WindowRootViewController.m"; sourceTree = "<group>"; };
		80270BBC1FABFE57001429F0 /* PrefixHeader.pch */ = {isa = PBXFileReference; lastKnownFileType = sourcecode.c.h; path = PrefixHeader.pch; sourceTree = "<group>"; };
		80D49F8A20BE7EE0003F642C /* CJDataUtilTest.m */ = {isa = PBXFileReference; lastKnownFileType = sourcecode.c.objc; path = CJDataUtilTest.m; sourceTree = "<group>"; };
		80D49F8D20BE8574003F642C /* TestCityModel.h */ = {isa = PBXFileReference; lastKnownFileType = sourcecode.c.h; path = TestCityModel.h; sourceTree = "<group>"; };
		80D49F8E20BE8574003F642C /* TestCityModel.m */ = {isa = PBXFileReference; lastKnownFileType = sourcecode.c.objc; path = TestCityModel.m; sourceTree = "<group>"; };
		80E7E68720AC37CA000F762D /* IjinbuNetworkClient+Login.m */ = {isa = PBXFileReference; fileEncoding = 4; lastKnownFileType = sourcecode.c.objc; path = "IjinbuNetworkClient+Login.m"; sourceTree = "<group>"; };
		80E7E68820AC37CA000F762D /* IjinbuNetworkClient+Login.h */ = {isa = PBXFileReference; fileEncoding = 4; lastKnownFileType = sourcecode.c.h; path = "IjinbuNetworkClient+Login.h"; sourceTree = "<group>"; };
		9729D807300188E600FFF239 /* CustomTripProgressView.h */ = {isa = PBXFileReference; lastKnownFileType = sourcecode.c.h; path = CustomTripProgressView.h; sourceTree = "<group>"; };
		9729D808300188E600FFF239 /* CustomTripProgressView.m */ = {isa = PBXFileReference; lastKnownFileType = sourcecode.c.objc; path = CustomTripProgressView.m; sourceTree = "<group>"; };
		9729D809300188E600FFF239 /* ProcessLineView.h */ = {isa = PBXFileReference; lastKnownFileType = sourcecode.c.h; path = ProcessLineView.h; sourceTree = "<group>"; };
		9729D80A300188E600FFF239 /* ProcessLineView.m */ = {isa = PBXFileReference; lastKnownFileType = sourcecode.c.objc; path = ProcessLineView.m; sourceTree = "<group>"; };
		976CB33E2FFE6C9D000505DD /* DemoInfo.h */ = {isa = PBXFileReference; lastKnownFileType = sourcecode.c.h; path = DemoInfo.h; sourceTree = "<group>"; };
		976CB33F2FFE6C9D000505DD /* DemoInfo.m */ = {isa = PBXFileReference; lastKnownFileType = sourcecode.c.objc; path = DemoInfo.m; sourceTree = "<group>"; };
		976CB3402FFE6C9D000505DD /* TestDataModel.h */ = {isa = PBXFileReference; lastKnownFileType = sourcecode.c.h; path = TestDataModel.h; sourceTree = "<group>"; };
		976CB3412FFE6C9D000505DD /* TestDataModel.m */ = {isa = PBXFileReference; lastKnownFileType = sourcecode.c.objc; path = TestDataModel.m; sourceTree = "<group>"; };
		976CB3432FFE6C9D000505DD /* TestDataUtil.h */ = {isa = PBXFileReference; lastKnownFileType = sourcecode.c.h; path = TestDataUtil.h; sourceTree = "<group>"; };
		976CB3442FFE6C9D000505DD /* TestDataUtil.m */ = {isa = PBXFileReference; lastKnownFileType = sourcecode.c.objc; path = TestDataUtil.m; sourceTree = "<group>"; };
		976CB3532FFE6CF6000505DD /* AppInfo.h */ = {isa = PBXFileReference; lastKnownFileType = sourcecode.c.h; path = AppInfo.h; sourceTree = "<group>"; };
		976CB3542FFE6CF6000505DD /* AppInfo.m */ = {isa = PBXFileReference; lastKnownFileType = sourcecode.c.objc; path = AppInfo.m; sourceTree = "<group>"; };
		976CB3552FFE6CF6000505DD /* AppInfoManager.h */ = {isa = PBXFileReference; lastKnownFileType = sourcecode.c.h; path = AppInfoManager.h; sourceTree = "<group>"; };
		976CB3562FFE6CF6000505DD /* AppInfoManager.m */ = {isa = PBXFileReference; lastKnownFileType = sourcecode.c.objc; path = AppInfoManager.m; sourceTree = "<group>"; };
		976CB35E2FFE710E000505DD /* loading_03.json */ = {isa = PBXFileReference; lastKnownFileType = text.json; path = loading_03.json; sourceTree = "<group>"; };
		976CB35F2FFE710E000505DD /* loading_coffee.json */ = {isa = PBXFileReference; lastKnownFileType = text.json; path = loading_coffee.json; sourceTree = "<group>"; };
		976CB3602FFE710E000505DD /* loading_tea.json */ = {isa = PBXFileReference; lastKnownFileType = text.json; path = loading_tea.json; sourceTree = "<group>"; };
		976CB3612FFE710E000505DD /* loading_test.json */ = {isa = PBXFileReference; lastKnownFileType = text.json; path = loading_test.json; sourceTree = "<group>"; };
		976CB3672FFE76A0000505DD /* CJBaseAlertView+TSPopupAction.h */ = {isa = PBXFileReference; lastKnownFileType = sourcecode.c.h; path = "CJBaseAlertView+TSPopupAction.h"; sourceTree = "<group>"; };
		976CB3682FFE76A0000505DD /* CJBaseAlertView+TSPopupAction.m */ = {isa = PBXFileReference; lastKnownFileType = sourcecode.c.objc; path = "CJBaseAlertView+TSPopupAction.m"; sourceTree = "<group>"; };
		976CB3692FFE76A0000505DD /* TSAlertManager.h */ = {isa = PBXFileReference; lastKnownFileType = sourcecode.c.h; path = TSAlertManager.h; sourceTree = "<group>"; };
		976CB36A2FFE76A0000505DD /* TSAlertManager.m */ = {isa = PBXFileReference; lastKnownFileType = sourcecode.c.objc; path = TSAlertManager.m; sourceTree = "<group>"; };
		976CB36E2FFE8262000505DD /* AppAssets.xcassets */ = {isa = PBXFileReference; lastKnownFileType = folder.assetcatalog; path = AppAssets.xcassets; sourceTree = "<group>"; };
		976CB36F2FFE8262000505DD /* AppCommon.xcassets */ = {isa = PBXFileReference; lastKnownFileType = folder.assetcatalog; path = AppCommon.xcassets; sourceTree = "<group>"; };
		976CB3702FFE8262000505DD /* bg@2x.jpg */ = {isa = PBXFileReference; lastKnownFileType = image.jpeg; path = "bg@2x.jpg"; sourceTree = "<group>"; };
		976CB3712FFE8262000505DD /* CQControlWidgetColorSymbolSectionExample.json */ = {isa = PBXFileReference; lastKnownFileType = text.json; path = CQControlWidgetColorSymbolSectionExample.json; sourceTree = "<group>"; };
		976CB3722FFE8262000505DD /* CQControlWidgetTextSectionExample.json */ = {isa = PBXFileReference; lastKnownFileType = text.json; path = CQControlWidgetTextSectionExample.json; sourceTree = "<group>"; };
		976CB3742FFE8262000505DD /* MainAsset.xcassets */ = {isa = PBXFileReference; lastKnownFileType = folder.assetcatalog; path = MainAsset.xcassets; sourceTree = "<group>"; };
		976CB3752FFE8262000505DD /* ThirdPartIcon.xcassets */ = {isa = PBXFileReference; lastKnownFileType = folder.assetcatalog; path = ThirdPartIcon.xcassets; sourceTree = "<group>"; };
		D92FC512BBC21CC0D27F656A /* Pods-CJComplexUIKitDemoTests.release.xcconfig */ = {isa = PBXFileReference; includeInIndex = 1; lastKnownFileType = text.xcconfig; name = "Pods-CJComplexUIKitDemoTests.release.xcconfig"; path = "Pods/Target Support Files/Pods-CJComplexUIKitDemoTests/Pods-CJComplexUIKitDemoTests.release.xcconfig"; sourceTree = "<group>"; };
/* End PBXFileReference section */

/* Begin PBXFrameworksBuildPhase section */
		780E45FD1E5DF87B00980127 /* Frameworks */ = {
			isa = PBXFrameworksBuildPhase;
			buildActionMask = 2147483647;
			files = (
				C2849CA383CBF0E734AE6DE8 /* Pods_CJComplexUIKitDemo.framework in Frameworks */,
			);
			runOnlyForDeploymentPostprocessing = 0;
		};
		780E46161E5DF87B00980127 /* Frameworks */ = {
			isa = PBXFrameworksBuildPhase;
			buildActionMask = 2147483647;
			files = (
				6D61C994F17186C1E299C639 /* Pods_CJComplexUIKitDemoTests.framework in Frameworks */,
			);
			runOnlyForDeploymentPostprocessing = 0;
		};
		780E46211E5DF87B00980127 /* Frameworks */ = {
			isa = PBXFrameworksBuildPhase;
			buildActionMask = 2147483647;
			files = (
			);
			runOnlyForDeploymentPostprocessing = 0;
		};
/* End PBXFrameworksBuildPhase section */

/* Begin PBXGroup section */
		780E45F71E5DF87B00980127 = {
			isa = PBXGroup;
			children = (
				780E46021E5DF87B00980127 /* CJComplexUIKitDemo */,
				780E461C1E5DF87B00980127 /* CJComplexUIKitDemoTests */,
				780E46271E5DF87B00980127 /* CJComplexUIKitDemoUITests */,
				780E46011E5DF87B00980127 /* Products */,
				E75FB8B4AF71C8FE7F95B93C /* Pods */,
				FD668169D5A770806E672CEE /* Frameworks */,
			);
			sourceTree = "<group>";
		};
		780E46011E5DF87B00980127 /* Products */ = {
			isa = PBXGroup;
			children = (
				780E46001E5DF87B00980127 /* CJComplexUIKitDemo.app */,
				780E46191E5DF87B00980127 /* CJComplexUIKitDemoTests.xctest */,
				780E46241E5DF87B00980127 /* CJComplexUIKitDemoUITests.xctest */,
			);
			name = Products;
			sourceTree = "<group>";
		};
		780E46021E5DF87B00980127 /* CJComplexUIKitDemo */ = {
			isa = PBXGroup;
			children = (
				780E46061E5DF87B00980127 /* AppDelegate.h */,
				780E46071E5DF87B00980127 /* AppDelegate.m */,
				8014A27E1FA2C2E500DDDB5A /* AppDelegate+WindowRootViewController.h */,
				8014A27F1FA2C2E500DDDB5A /* AppDelegate+WindowRootViewController.m */,
				976CB3582FFE6CF6000505DD /* Service */,
				976CB34C2FFE6C9D000505DD /* CommonUtil */,
				976CB3232FFE6AA4000505DD /* CommonUI */,
				80FF8F0A1FC5649E00E437CF /* Modules */,
				976CB3622FFE710E000505DD /* Resource */,
				9729D80B300188E600FFF239 /* CJSmallCustomView */,
				780E46031E5DF87B00980127 /* Supporting Files */,
			);
			path = CJComplexUIKitDemo;
			sourceTree = "<group>";
		};
		780E46031E5DF87B00980127 /* Supporting Files */ = {
			isa = PBXGroup;
			children = (
				780E46141E5DF87B00980127 /* Info.plist */,
				780E46111E5DF87B00980127 /* LaunchScreen.storyboard */,
				780E460C1E5DF87B00980127 /* Main.storyboard */,
				780E46041E5DF87B00980127 /* main.m */,
				80270BBC1FABFE57001429F0 /* PrefixHeader.pch */,
			);
			name = "Supporting Files";
			sourceTree = "<group>";
		};
		780E461C1E5DF87B00980127 /* CJComplexUIKitDemoTests */ = {
			isa = PBXGroup;
			children = (
				780E461D1E5DF87B00980127 /* CJComplexUIKitDemoTests.m */,
				80D49F8A20BE7EE0003F642C /* CJDataUtilTest.m */,
				80D49F8C20BE852A003F642C /* Models */,
				780E461F1E5DF87B00980127 /* Info.plist */,
			);
			path = CJComplexUIKitDemoTests;
			sourceTree = "<group>";
		};
		780E46271E5DF87B00980127 /* CJComplexUIKitDemoUITests */ = {
			isa = PBXGroup;
			children = (
				780E46281E5DF87B00980127 /* CJComplexUIKitDemoUITests.m */,
				780E462A1E5DF87B00980127 /* Info.plist */,
			);
			path = CJComplexUIKitDemoUITests;
			sourceTree = "<group>";
		};
		78293EFC21FC0E2A00F70F43 /* 2Optimize */ = {
			isa = PBXGroup;
			children = (
				789A4F7721FAF3FA001528B9 /* ReuseDataSourceTableViewController.h */,
				789A4F6F21FAF3FA001528B9 /* ReuseDataSourceTableViewController.m */,
			);
			path = 2Optimize;
			sourceTree = "<group>";
		};
		78293EFD21FC0F5400F70F43 /* View */ = {
			isa = PBXGroup;
			children = (
				789A4F8B21FAF3FB001528B9 /* CustomTableViewCell.h */,
				789A4F8621FAF3FB001528B9 /* CustomTableViewCell.m */,
				789A4F8521FAF3FB001528B9 /* CustomTableViewCell.xib */,
				789A4F8921FAF3FB001528B9 /* SHeaderHome2.h */,
				789A4F8321FAF3FB001528B9 /* SHeaderHome2.m */,
				789A4F8A21FAF3FB001528B9 /* SHeaderHome2.xib */,
				78590C6B215C79DC00F45AD5 /* add_red.png */,
				78590C6C215C79DC00F45AD5 /* add_red@2x.png */,
			);
			path = View;
			sourceTree = "<group>";
		};
		78293F1721FC640300F70F43 /* ImageChooseCollectionView */ = {
			isa = PBXGroup;
			children = (
				78590C70215C79DC00F45AD5 /* UploadDirectlyImagePickerViewController.h */,
				78590C74215C79DC00F45AD5 /* UploadDirectlyImagePickerViewController.m */,
				78590C72215C79DC00F45AD5 /* UploadDirectlyImagePickerViewController.xib */,
				78590C76215C79DC00F45AD5 /* UploadNoneImagePickerViewController.h */,
				78590C71215C79DC00F45AD5 /* UploadNoneImagePickerViewController.m */,
				78590C75215C79DC00F45AD5 /* UploadNoneImagePickerViewController.xib */,
				80E7E68820AC37CA000F762D /* IjinbuNetworkClient+Login.h */,
				80E7E68720AC37CA000F762D /* IjinbuNetworkClient+Login.m */,
			);
			path = ImageChooseCollectionView;
			sourceTree = "<group>";
		};
		789A4EE621FAF3A8001528B9 /* CollectionViewDemo */ = {
			isa = PBXGroup;
			children = (
				789A4F0821FAF3A8001528B9 /* CollectionHomeViewController.h */,
				789A4F0921FAF3A8001528B9 /* CollectionHomeViewController.m */,
				78293F1721FC640300F70F43 /* ImageChooseCollectionView */,
				789A4F2121FAF3A8001528B9 /* Base */,
				789A4EE721FAF3A8001528B9 /* CycleADView */,
				789A4F1821FAF3A8001528B9 /* MyEqualCellSizeCollectionView */,
			);
			path = CollectionViewDemo;
			sourceTree = "<group>";
		};
		789A4EE721FAF3A8001528B9 /* CycleADView */ = {
			isa = PBXGroup;
			children = (
				789A4EED21FAF3A8001528B9 /* MemoryAD */,
				789A4EEB21FAF3A8001528B9 /* MemoryADCollectionViewCell.h */,
				789A4EE921FAF3A8001528B9 /* MemoryADCollectionViewCell.m */,
				789A4EE821FAF3A8001528B9 /* MyADModel.h */,
				789A4EEC21FAF3A8001528B9 /* MyADModel.m */,
				789A4F0621FAF3A8001528B9 /* MyCycleADViewController.h */,
				789A4EEA21FAF3A8001528B9 /* MyCycleADViewController.m */,
				789A4F0721FAF3A8001528B9 /* MyCycleADViewController.xib */,
			);
			path = CycleADView;
			sourceTree = "<group>";
		};
		789A4EED21FAF3A8001528B9 /* MemoryAD */ = {
			isa = PBXGroup;
			children = (
				789A4EF121FAF3A8001528B9 /* MemoryAD05.jpg */,
				789A4F0321FAF3A8001528B9 /* MemoryAD08.jpg */,
				789A4F0521FAF3A8001528B9 /* MemoryAD09.jpg */,
				789A4EF921FAF3A8001528B9 /* MemoryAD29.jpg */,
				789A4F0021FAF3A8001528B9 /* MemoryAD32.jpg */,
				789A4EEF21FAF3A8001528B9 /* MemoryADExample01.jpg */,
				789A4EF521FAF3A8001528B9 /* MemoryADExample02.jpg */,
				789A4EF421FAF3A8001528B9 /* MemoryADExample03.jpg */,
				789A4EFC21FAF3A8001528B9 /* MemoryADExample04.jpg */,
				789A4EFB21FAF3A8001528B9 /* MemoryADExample05.jpg */,
				789A4EF321FAF3A8001528B9 /* MemoryADExplain01.jpg */,
				789A4EF721FAF3A8001528B9 /* MemoryADKnowledge01.jpg */,
				789A4EFA21FAF3A8001528B9 /* MemoryADKnowledge02.jpg */,
				789A4EFD21FAF3A8001528B9 /* MemoryADKnowledge03.jpg */,
				789A4EF221FAF3A8001528B9 /* MemoryADKnowledge04.jpg */,
				789A4EF621FAF3A8001528B9 /* MemoryADKnowledge05.jpg */,
				789A4EF021FAF3A8001528B9 /* MemoryADKnowledge06.jpg */,
				789A4EEE21FAF3A8001528B9 /* MemoryADKnowledge07.jpg */,
				789A4F0121FAF3A8001528B9 /* MemoryADPose01.jpg */,
				789A4EFF21FAF3A8001528B9 /* MemoryADPose02.jpg */,
				789A4EFE21FAF3A8001528B9 /* MemoryADResult01.gif */,
				789A4EF821FAF3A8001528B9 /* MemoryADResult02.jpg */,
				789A4F0421FAF3A8001528B9 /* MemoryADTime01.jpg */,
				789A4F0221FAF3A8001528B9 /* MemoryADTime02.jpg */,
			);
			path = MemoryAD;
			sourceTree = "<group>";
		};
		789A4F1821FAF3A8001528B9 /* MyEqualCellSizeCollectionView */ = {
			isa = PBXGroup;
			children = (
				789A4F1F21FAF3A8001528B9 /* MyEqualCellSizeCollectionViewController.h */,
				789A4F1B21FAF3A8001528B9 /* MyEqualCellSizeCollectionViewController.m */,
				789A4F1C21FAF3A8001528B9 /* MyEqualCellSizeCollectionViewController.xib */,
				789A4F1E21FAF3A8001528B9 /* MyEqualCellSizeView.h */,
				789A4F1921FAF3A8001528B9 /* MyEqualCellSizeView.m */,
				789A4F1D21FAF3A8001528B9 /* MyEqualCellSizeViewController.h */,
				789A4F1A21FAF3A8001528B9 /* MyEqualCellSizeViewController.m */,
				789A4F2021FAF3A8001528B9 /* MyEqualCellSizeViewController.xib */,
			);
			path = MyEqualCellSizeCollectionView;
			sourceTree = "<group>";
		};
		789A4F2121FAF3A8001528B9 /* Base */ = {
			isa = PBXGroup;
			children = (
				789A4F2521FAF3A8001528B9 /* CvDemo_Complex.h */,
				789A4F2221FAF3A8001528B9 /* CvDemo_Complex.m */,
				789A4F2621FAF3A8001528B9 /* CvDemo_Complex.xib */,
				789A4F3421FAF3A8001528B9 /* CvDemo_Complex+Event.h */,
				789A4F2421FAF3A8001528B9 /* CvDemo_Complex+Event.m */,
				789A4F2321FAF3A8001528B9 /* Detail.h */,
				789A4F2721FAF3A8001528B9 /* Detail.m */,
				789A4F3321FAF3A8001528B9 /* Detail.xib */,
				789A4F2821FAF3A8001528B9 /* View */,
			);
			path = Base;
			sourceTree = "<group>";
		};
		789A4F2821FAF3A8001528B9 /* View */ = {
			isa = PBXGroup;
			children = (
				789A4F3121FAF3A8001528B9 /* CustomCollectionViewCell.h */,
				789A4F2C21FAF3A8001528B9 /* CustomCollectionViewCell.m */,
				789A4F3221FAF3A8001528B9 /* CustomCollectionViewCell.xib */,
				789A4F3021FAF3A8001528B9 /* cvSupplementaryFoot.h */,
				789A4F2E21FAF3A8001528B9 /* cvSupplementaryFoot.m */,
				789A4F2B21FAF3A8001528B9 /* cvSupplementaryFoot.xib */,
				789A4F2A21FAF3A8001528B9 /* cvSupplementaryHead.h */,
				789A4F2F21FAF3A8001528B9 /* cvSupplementaryHead.m */,
				789A4F2D21FAF3A8001528B9 /* cvSupplementaryHead.xib */,
				789A4F2921FAF3A8001528B9 /* NibCell.xib */,
			);
			path = View;
			sourceTree = "<group>";
		};
		789A4F6B21FAF3FA001528B9 /* TableViewDemo */ = {
			isa = PBXGroup;
			children = (
				789A4F6C21FAF3FA001528B9 /* TableHomeViewController.h */,
				789A4F8121FAF3FB001528B9 /* TableHomeViewController.m */,
				789A4F6D21FAF3FA001528B9 /* 1Use */,
				78293EFC21FC0E2A00F70F43 /* 2Optimize */,
			);
			path = TableViewDemo;
			sourceTree = "<group>";
		};
		789A4F6D21FAF3FA001528B9 /* 1Use */ = {
			isa = PBXGroup;
			children = (
				789A4F7321FAF3FA001528B9 /* TableViewController.h */,
				789A4F7F21FAF3FB001528B9 /* TableViewController.m */,
				789A4F7C21FAF3FB001528B9 /* TableViewController.xib */,
				789A4F7221FAF3FA001528B9 /* TvDemo_Complex.h */,
				789A4F7B21FAF3FB001528B9 /* TvDemo_Complex.m */,
				789A4F7421FAF3FA001528B9 /* TvDemo_Complex.xib */,
				789A4F6E21FAF3FA001528B9 /* TvDemo_Complex+Event.h */,
				789A4F7821FAF3FB001528B9 /* TvDemo_Complex+Event.m */,
				78293EFD21FC0F5400F70F43 /* View */,
			);
			path = 1Use;
			sourceTree = "<group>";
		};
		80D49F8C20BE852A003F642C /* Models */ = {
			isa = PBXGroup;
			children = (
				80D49F8D20BE8574003F642C /* TestCityModel.h */,
				80D49F8E20BE8574003F642C /* TestCityModel.m */,
			);
			path = Models;
			sourceTree = "<group>";
		};
		80FF8F0A1FC5649E00E437CF /* Modules */ = {
			isa = PBXGroup;
			children = (
				789A4F6B21FAF3FA001528B9 /* TableViewDemo */,
				789A4EE621FAF3A8001528B9 /* CollectionViewDemo */,
			);
			path = Modules;
			sourceTree = "<group>";
		};
		9729D80B300188E600FFF239 /* CJSmallCustomView */ = {
			isa = PBXGroup;
			children = (
				9729D807300188E600FFF239 /* CustomTripProgressView.h */,
				9729D808300188E600FFF239 /* CustomTripProgressView.m */,
				9729D809300188E600FFF239 /* ProcessLineView.h */,
				9729D80A300188E600FFF239 /* ProcessLineView.m */,
			);
			path = CJSmallCustomView;
			sourceTree = "<group>";
		};
		976CB3232FFE6AA4000505DD /* CommonUI */ = {
			isa = PBXGroup;
			children = (
				976CB36B2FFE76A0000505DD /* TSAlert */,
			);
			path = CommonUI;
			sourceTree = "<group>";
		};
		976CB3422FFE6C9D000505DD /* TestDataModel */ = {
			isa = PBXGroup;
			children = (
				976CB33E2FFE6C9D000505DD /* DemoInfo.h */,
				976CB33F2FFE6C9D000505DD /* DemoInfo.m */,
				976CB3402FFE6C9D000505DD /* TestDataModel.h */,
				976CB3412FFE6C9D000505DD /* TestDataModel.m */,
			);
			path = TestDataModel;
			sourceTree = "<group>";
		};
		976CB3452FFE6C9D000505DD /* TestDataUtil */ = {
			isa = PBXGroup;
			children = (
				976CB3422FFE6C9D000505DD /* TestDataModel */,
				976CB3432FFE6C9D000505DD /* TestDataUtil.h */,
				976CB3442FFE6C9D000505DD /* TestDataUtil.m */,
			);
			path = TestDataUtil;
			sourceTree = "<group>";
		};
		976CB34C2FFE6C9D000505DD /* CommonUtil */ = {
			isa = PBXGroup;
			children = (
				976CB3452FFE6C9D000505DD /* TestDataUtil */,
			);
			path = CommonUtil;
			sourceTree = "<group>";
		};
		976CB3572FFE6CF6000505DD /* AppInfo */ = {
			isa = PBXGroup;
			children = (
				976CB3532FFE6CF6000505DD /* AppInfo.h */,
				976CB3542FFE6CF6000505DD /* AppInfo.m */,
				976CB3552FFE6CF6000505DD /* AppInfoManager.h */,
				976CB3562FFE6CF6000505DD /* AppInfoManager.m */,
			);
			path = AppInfo;
			sourceTree = "<group>";
		};
		976CB3582FFE6CF6000505DD /* Service */ = {
			isa = PBXGroup;
			children = (
				976CB3572FFE6CF6000505DD /* AppInfo */,
			);
			path = Service;
			sourceTree = "<group>";
		};
		976CB3622FFE710E000505DD /* Resource */ = {
			isa = PBXGroup;
			children = (
				976CB35E2FFE710E000505DD /* loading_03.json */,
				976CB35F2FFE710E000505DD /* loading_coffee.json */,
				976CB3602FFE710E000505DD /* loading_tea.json */,
				976CB3612FFE710E000505DD /* loading_test.json */,
				976CB36E2FFE8262000505DD /* AppAssets.xcassets */,
				976CB36F2FFE8262000505DD /* AppCommon.xcassets */,
				976CB3702FFE8262000505DD /* bg@2x.jpg */,
				976CB3732FFE8262000505DD /* data */,
				976CB3742FFE8262000505DD /* MainAsset.xcassets */,
				976CB3752FFE8262000505DD /* ThirdPartIcon.xcassets */,
			);
			path = Resource;
			sourceTree = "<group>";
		};
		976CB36B2FFE76A0000505DD /* TSAlert */ = {
			isa = PBXGroup;
			children = (
				976CB3672FFE76A0000505DD /* CJBaseAlertView+TSPopupAction.h */,
				976CB3682FFE76A0000505DD /* CJBaseAlertView+TSPopupAction.m */,
				976CB3692FFE76A0000505DD /* TSAlertManager.h */,
				976CB36A2FFE76A0000505DD /* TSAlertManager.m */,
			);
			path = TSAlert;
			sourceTree = "<group>";
		};
		976CB3732FFE8262000505DD /* data */ = {
			isa = PBXGroup;
			children = (
				976CB3712FFE8262000505DD /* CQControlWidgetColorSymbolSectionExample.json */,
				976CB3722FFE8262000505DD /* CQControlWidgetTextSectionExample.json */,
			);
			path = data;
			sourceTree = "<group>";
		};
		E75FB8B4AF71C8FE7F95B93C /* Pods */ = {
			isa = PBXGroup;
			children = (
				05BA2EB03EB792C4C1C86BCE /* Pods-CJComplexUIKitDemo.debug.xcconfig */,
				18C1A083041B9B42AD45248F /* Pods-CJComplexUIKitDemo.release.xcconfig */,
				3792BE1F43A6FBA9A33BADA4 /* Pods-CJComplexUIKitDemoTests.debug.xcconfig */,
				D92FC512BBC21CC0D27F656A /* Pods-CJComplexUIKitDemoTests.release.xcconfig */,
			);
			name = Pods;
			sourceTree = "<group>";
		};
		FD668169D5A770806E672CEE /* Frameworks */ = {
			isa = PBXGroup;
			children = (
				30757D6810FE9E3D37A620D8 /* Pods_CJComplexUIKitDemo.framework */,
				410A23C0D945828A1EBF5E31 /* Pods_CJComplexUIKitDemoTests.framework */,
			);
			name = Frameworks;
			sourceTree = "<group>";
		};
/* End PBXGroup section */

/* Begin PBXNativeTarget section */
		780E45FF1E5DF87B00980127 /* CJComplexUIKitDemo */ = {
			isa = PBXNativeTarget;
			buildConfigurationList = 780E462D1E5DF87B00980127 /* Build configuration list for PBXNativeTarget "CJComplexUIKitDemo" */;
			buildPhases = (
				16923FCFE087A4DBE468460F /* [CP] Check Pods Manifest.lock */,
				780E45FC1E5DF87B00980127 /* Sources */,
				780E45FD1E5DF87B00980127 /* Frameworks */,
				780E45FE1E5DF87B00980127 /* Resources */,
				7CA713C04EE14644902C3A1C /* [CP] Embed Pods Frameworks */,
			);
			buildRules = (
			);
			dependencies = (
			);
			name = CJComplexUIKitDemo;
			productName = CJUIKitDemo;
			productReference = 780E46001E5DF87B00980127 /* CJComplexUIKitDemo.app */;
			productType = "com.apple.product-type.application";
		};
		780E46181E5DF87B00980127 /* CJComplexUIKitDemoTests */ = {
			isa = PBXNativeTarget;
			buildConfigurationList = 780E46301E5DF87B00980127 /* Build configuration list for PBXNativeTarget "CJComplexUIKitDemoTests" */;
			buildPhases = (
				2CCE0E39F4FA24C72079A7C0 /* [CP] Check Pods Manifest.lock */,
				780E46151E5DF87B00980127 /* Sources */,
				780E46161E5DF87B00980127 /* Frameworks */,
				780E46171E5DF87B00980127 /* Resources */,
			);
			buildRules = (
			);
			dependencies = (
				780E461B1E5DF87B00980127 /* PBXTargetDependency */,
			);
			name = CJComplexUIKitDemoTests;
			productName = CJUIKitDemoTests;
			productReference = 780E46191E5DF87B00980127 /* CJComplexUIKitDemoTests.xctest */;
			productType = "com.apple.product-type.bundle.unit-test";
		};
		780E46231E5DF87B00980127 /* CJComplexUIKitDemoUITests */ = {
			isa = PBXNativeTarget;
			buildConfigurationList = 780E46331E5DF87B00980127 /* Build configuration list for PBXNativeTarget "CJComplexUIKitDemoUITests" */;
			buildPhases = (
				780E46201E5DF87B00980127 /* Sources */,
				780E46211E5DF87B00980127 /* Frameworks */,
				780E46221E5DF87B00980127 /* Resources */,
			);
			buildRules = (
			);
			dependencies = (
				780E46261E5DF87B00980127 /* PBXTargetDependency */,
			);
			name = CJComplexUIKitDemoUITests;
			productName = CJUIKitDemoUITests;
			productReference = 780E46241E5DF87B00980127 /* CJComplexUIKitDemoUITests.xctest */;
			productType = "com.apple.product-type.bundle.ui-testing";
		};
/* End PBXNativeTarget section */

/* Begin PBXProject section */
		780E45F81E5DF87B00980127 /* Project object */ = {
			isa = PBXProject;
			attributes = {
				LastUpgradeCheck = 1010;
				ORGANIZATIONNAME = dvlproad;
				TargetAttributes = {
					780E45FF1E5DF87B00980127 = {
						CreatedOnToolsVersion = 8.0;
						ProvisioningStyle = Manual;
					};
					780E46181E5DF87B00980127 = {
						CreatedOnToolsVersion = 8.0;
						ProvisioningStyle = Automatic;
						TestTargetID = 780E45FF1E5DF87B00980127;
					};
					780E46231E5DF87B00980127 = {
						CreatedOnToolsVersion = 8.0;
						ProvisioningStyle = Automatic;
						TestTargetID = 780E45FF1E5DF87B00980127;
					};
				};
			};
			buildConfigurationList = 780E45FB1E5DF87B00980127 /* Build configuration list for PBXProject "CJComplexUIKitDemo" */;
			compatibilityVersion = "Xcode 3.2";
			developmentRegion = English;
			hasScannedForEncodings = 0;
			knownRegions = (
				English,
				en,
				Base,
			);
			mainGroup = 780E45F71E5DF87B00980127;
			productRefGroup = 780E46011E5DF87B00980127 /* Products */;
			projectDirPath = "";
			projectRoot = "";
			targets = (
				780E45FF1E5DF87B00980127 /* CJComplexUIKitDemo */,
				780E46181E5DF87B00980127 /* CJComplexUIKitDemoTests */,
				780E46231E5DF87B00980127 /* CJComplexUIKitDemoUITests */,
			);
		};
/* End PBXProject section */

/* Begin PBXResourcesBuildPhase section */
		780E45FE1E5DF87B00980127 /* Resources */ = {
			isa = PBXResourcesBuildPhase;
			buildActionMask = 2147483647;
			files = (
				789A4F4F21FAF3A8001528B9 /* MemoryAD09.jpg in Resources */,
				789A4F4D21FAF3A8001528B9 /* MemoryAD08.jpg in Resources */,
				78590D10215C79DD00F45AD5 /* UploadNoneImagePickerViewController.xib in Resources */,
				78590D0A215C79DD00F45AD5 /* add_red@2x.png in Resources */,
				789A4F4B21FAF3A8001528B9 /* MemoryADPose01.jpg in Resources */,
				789A4F5D21FAF3A8001528B9 /* MyEqualCellSizeCollectionViewController.xib in Resources */,
				789A4F5021FAF3A8001528B9 /* MyCycleADViewController.xib in Resources */,
				789A4F3921FAF3A8001528B9 /* MemoryADExample01.jpg in Resources */,
				789A4F3E21FAF3A8001528B9 /* MemoryADExample03.jpg in Resources */,
				789A4F4421FAF3A8001528B9 /* MemoryADKnowledge02.jpg in Resources */,
				789A4F6321FAF3A8001528B9 /* NibCell.xib in Resources */,
				789A4F4121FAF3A8001528B9 /* MemoryADKnowledge01.jpg in Resources */,
				789A4F3D21FAF3A8001528B9 /* MemoryADExplain01.jpg in Resources */,
				780E46131E5DF87B00980127 /* LaunchScreen.storyboard in Resources */,
				789A4F9D21FAF3FB001528B9 /* CustomTableViewCell.xib in Resources */,
				789A4F4021FAF3A8001528B9 /* MemoryADKnowledge05.jpg in Resources */,
				789A4F3C21FAF3A8001528B9 /* MemoryADKnowledge04.jpg in Resources */,
				789A4F4821FAF3A8001528B9 /* MemoryADResult01.gif in Resources */,
				789A4F4A21FAF3A8001528B9 /* MemoryAD32.jpg in Resources */,
				976CB3632FFE710E000505DD /* loading_03.json in Resources */,
				976CB3642FFE710E000505DD /* loading_tea.json in Resources */,
				976CB3652FFE710E000505DD /* loading_test.json in Resources */,
				976CB3662FFE710E000505DD /* loading_coffee.json in Resources */,
				789A4F3B21FAF3A8001528B9 /* MemoryAD05.jpg in Resources */,
				976CB3762FFE8262000505DD /* AppAssets.xcassets in Resources */,
				976CB3772FFE8262000505DD /* CQControlWidgetTextSectionExample.json in Resources */,
				976CB3782FFE8262000505DD /* bg@2x.jpg in Resources */,
				976CB3792FFE8262000505DD /* MainAsset.xcassets in Resources */,
				976CB37A2FFE8262000505DD /* ThirdPartIcon.xcassets in Resources */,
				976CB37B2FFE8262000505DD /* AppCommon.xcassets in Resources */,
				976CB37C2FFE8262000505DD /* CQControlWidgetColorSymbolSectionExample.json in Resources */,
				789A4F6621FAF3A8001528B9 /* cvSupplementaryHead.xib in Resources */,
				789A4F3F21FAF3A8001528B9 /* MemoryADExample02.jpg in Resources */,
				78590D0D215C79DD00F45AD5 /* UploadDirectlyImagePickerViewController.xib in Resources */,
				780E460E1E5DF87B00980127 /* Main.storyboard in Resources */,
				789A4F6921FAF3A8001528B9 /* CustomCollectionViewCell.xib in Resources */,
				789A4F6121FAF3A8001528B9 /* CvDemo_Complex.xib in Resources */,
				78590D09215C79DD00F45AD5 /* add_red.png in Resources */,
				789A4F9521FAF3FB001528B9 /* TableViewController.xib in Resources */,
				789A4F3821FAF3A8001528B9 /* MemoryADKnowledge07.jpg in Resources */,
				789A4F4C21FAF3A8001528B9 /* MemoryADTime02.jpg in Resources */,
				789A4F6421FAF3A8001528B9 /* cvSupplementaryFoot.xib in Resources */,
				789A4F8F21FAF3FB001528B9 /* TvDemo_Complex.xib in Resources */,
				789A4F4921FAF3A8001528B9 /* MemoryADPose02.jpg in Resources */,
				789A4F4E21FAF3A8001528B9 /* MemoryADTime01.jpg in Resources */,
				789A4F5E21FAF3A8001528B9 /* MyEqualCellSizeViewController.xib in Resources */,
				789A4F4521FAF3A8001528B9 /* MemoryADExample05.jpg in Resources */,
				789A4F4221FAF3A8001528B9 /* MemoryADResult02.jpg in Resources */,
				789A4F4621FAF3A8001528B9 /* MemoryADExample04.jpg in Resources */,
				789A4F4321FAF3A8001528B9 /* MemoryAD29.jpg in Resources */,
				789A4FA021FAF3FB001528B9 /* SHeaderHome2.xib in Resources */,
				789A4F4721FAF3A8001528B9 /* MemoryADKnowledge03.jpg in Resources */,
				789A4F3A21FAF3A8001528B9 /* MemoryADKnowledge06.jpg in Resources */,
				789A4F6A21FAF3A8001528B9 /* Detail.xib in Resources */,
			);
			runOnlyForDeploymentPostprocessing = 0;
		};
		780E46171E5DF87B00980127 /* Resources */ = {
			isa = PBXResourcesBuildPhase;
			buildActionMask = 2147483647;
			files = (
			);
			runOnlyForDeploymentPostprocessing = 0;
		};
		780E46221E5DF87B00980127 /* Resources */ = {
			isa = PBXResourcesBuildPhase;
			buildActionMask = 2147483647;
			files = (
			);
			runOnlyForDeploymentPostprocessing = 0;
		};
/* End PBXResourcesBuildPhase section */

/* Begin PBXShellScriptBuildPhase section */
		16923FCFE087A4DBE468460F /* [CP] Check Pods Manifest.lock */ = {
			isa = PBXShellScriptBuildPhase;
			buildActionMask = 2147483647;
			files = (
			);
			inputPaths = (
				"${PODS_PODFILE_DIR_PATH}/Podfile.lock",
				"${PODS_ROOT}/Manifest.lock",
			);
			name = "[CP] Check Pods Manifest.lock";
			outputPaths = (
				"$(DERIVED_FILE_DIR)/Pods-CJComplexUIKitDemo-checkManifestLockResult.txt",
			);
			runOnlyForDeploymentPostprocessing = 0;
			shellPath = /bin/sh;
			shellScript = "diff \"${PODS_PODFILE_DIR_PATH}/Podfile.lock\" \"${PODS_ROOT}/Manifest.lock\" > /dev/null\nif [ $? != 0 ] ; then\n    # print error to STDERR\n    echo \"error: The sandbox is not in sync with the Podfile.lock. Run 'pod install' or update your CocoaPods installation.\" >&2\n    exit 1\nfi\n# This output is used by Xcode 'outputs' to avoid re-running this script phase.\necho \"SUCCESS\" > \"${SCRIPT_OUTPUT_FILE_0}\"\n";
			showEnvVarsInLog = 0;
		};
		2CCE0E39F4FA24C72079A7C0 /* [CP] Check Pods Manifest.lock */ = {
			isa = PBXShellScriptBuildPhase;
			buildActionMask = 2147483647;
			files = (
			);
			inputPaths = (
				"${PODS_PODFILE_DIR_PATH}/Podfile.lock",
				"${PODS_ROOT}/Manifest.lock",
			);
			name = "[CP] Check Pods Manifest.lock";
			outputPaths = (
				"$(DERIVED_FILE_DIR)/Pods-CJComplexUIKitDemoTests-checkManifestLockResult.txt",
			);
			runOnlyForDeploymentPostprocessing = 0;
			shellPath = /bin/sh;
			shellScript = "diff \"${PODS_PODFILE_DIR_PATH}/Podfile.lock\" \"${PODS_ROOT}/Manifest.lock\" > /dev/null\nif [ $? != 0 ] ; then\n    # print error to STDERR\n    echo \"error: The sandbox is not in sync with the Podfile.lock. Run 'pod install' or update your CocoaPods installation.\" >&2\n    exit 1\nfi\n# This output is used by Xcode 'outputs' to avoid re-running this script phase.\necho \"SUCCESS\" > \"${SCRIPT_OUTPUT_FILE_0}\"\n";
			showEnvVarsInLog = 0;
		};
		7CA713C04EE14644902C3A1C /* [CP] Embed Pods Frameworks */ = {
			isa = PBXShellScriptBuildPhase;
			buildActionMask = 2147483647;
			files = (
			);
			inputPaths = (
				"${PODS_ROOT}/Target Support Files/Pods-CJComplexUIKitDemo/Pods-CJComplexUIKitDemo-frameworks.sh",
				"${BUILT_PRODUCTS_DIR}/AFNetworking/AFNetworking.framework",
				"${BUILT_PRODUCTS_DIR}/CJBaseEffectKit/CJBaseEffectKit.framework",
				"${BUILT_PRODUCTS_DIR}/CJBaseHelper/CJBaseHelper.framework",
				"${BUILT_PRODUCTS_DIR}/CJBaseUIKit/CJBaseUIKit.framework",
				"${BUILT_PRODUCTS_DIR}/CJBaseUtil/CJBaseUtil.framework",
				"${BUILT_PRODUCTS_DIR}/CJCollectionViewLayout/CJCollectionViewLayout.framework",
				"${BUILT_PRODUCTS_DIR}/CJComplexUIKit/CJComplexUIKit.framework",
				"${BUILT_PRODUCTS_DIR}/CJContainer/CJContainer.framework",
				"${BUILT_PRODUCTS_DIR}/CJFile/CJFile.framework",
				"${BUILT_PRODUCTS_DIR}/CJFoundation/CJFoundation.framework",
				"${BUILT_PRODUCTS_DIR}/CJImagePickerKit/CJImagePickerKit.framework",
				"${BUILT_PRODUCTS_DIR}/CJNetwork/CJNetwork.framework",
				"${BUILT_PRODUCTS_DIR}/CJNetworkFileModel/CJNetworkFileModel.framework",
				"${BUILT_PRODUCTS_DIR}/CJOverlayView/CJOverlayView.framework",
				"${BUILT_PRODUCTS_DIR}/CJPopupAction/CJPopupAction.framework",
				"${BUILT_PRODUCTS_DIR}/CJPopupCreater/CJPopupCreater.framework",
				"${BUILT_PRODUCTS_DIR}/CQActionCollectionView/CQActionCollectionView.framework",
				"${BUILT_PRODUCTS_DIR}/CQBridgeSTOLottie/CQBridgeSTOLottie.framework",
				"${BUILT_PRODUCTS_DIR}/CQDemoKit/CQDemoKit.framework",
				"${BUILT_PRODUCTS_DIR}/CQImageAddDeleteListKit/CQImageAddDeleteListKit.framework",
				"${BUILT_PRODUCTS_DIR}/CQImageKit/CQImageKit.framework",
				"${BUILT_PRODUCTS_DIR}/CQImagePickerKit/CQImagePickerKit.framework",
				"${BUILT_PRODUCTS_DIR}/CQNetworkPublic/CQNetworkPublic.framework",
				"${BUILT_PRODUCTS_DIR}/CQOverlayKit/CQOverlayKit.framework",
				"${BUILT_PRODUCTS_DIR}/CQPopupCreater_Base/CQPopupCreater_Base.framework",
				"${BUILT_PRODUCTS_DIR}/DZNEmptyDataSet/DZNEmptyDataSet.framework",
				"${BUILT_PRODUCTS_DIR}/IjinbuNetwork/IjinbuNetwork.framework",
				"${BUILT_PRODUCTS_DIR}/JGActionSheet/JGActionSheet.framework",
				"${BUILT_PRODUCTS_DIR}/MBProgressHUD/MBProgressHUD.framework",
				"${BUILT_PRODUCTS_DIR}/MJPopupViewController/MJPopupViewController.framework",
				"${BUILT_PRODUCTS_DIR}/MJRefresh/MJRefresh.framework",
				"${BUILT_PRODUCTS_DIR}/Masonry/Masonry.framework",
				"${BUILT_PRODUCTS_DIR}/OpenUDID/OpenUDID.framework",
				"${BUILT_PRODUCTS_DIR}/PinYin4Objc/PinYin4Objc.framework",
				"${BUILT_PRODUCTS_DIR}/SDCycleScrollView/SDCycleScrollView.framework",
				"${BUILT_PRODUCTS_DIR}/SDWebImage/SDWebImage.framework",
				"${BUILT_PRODUCTS_DIR}/SVProgressHUD/SVProgressHUD.framework",
				"${BUILT_PRODUCTS_DIR}/SnapKit/SnapKit.framework",
				"${BUILT_PRODUCTS_DIR}/YYCache/YYCache.framework",
				"${BUILT_PRODUCTS_DIR}/lottie-ios/Lottie.framework",
			);
			name = "[CP] Embed Pods Frameworks";
			outputPaths = (
				"${TARGET_BUILD_DIR}/${FRAMEWORKS_FOLDER_PATH}/AFNetworking.framework",
				"${TARGET_BUILD_DIR}/${FRAMEWORKS_FOLDER_PATH}/CJBaseEffectKit.framework",
				"${TARGET_BUILD_DIR}/${FRAMEWORKS_FOLDER_PATH}/CJBaseHelper.framework",
				"${TARGET_BUILD_DIR}/${FRAMEWORKS_FOLDER_PATH}/CJBaseUIKit.framework",
				"${TARGET_BUILD_DIR}/${FRAMEWORKS_FOLDER_PATH}/CJBaseUtil.framework",
				"${TARGET_BUILD_DIR}/${FRAMEWORKS_FOLDER_PATH}/CJCollectionViewLayout.framework",
				"${TARGET_BUILD_DIR}/${FRAMEWORKS_FOLDER_PATH}/CJComplexUIKit.framework",
				"${TARGET_BUILD_DIR}/${FRAMEWORKS_FOLDER_PATH}/CJContainer.framework",
				"${TARGET_BUILD_DIR}/${FRAMEWORKS_FOLDER_PATH}/CJFile.framework",
				"${TARGET_BUILD_DIR}/${FRAMEWORKS_FOLDER_PATH}/CJFoundation.framework",
				"${TARGET_BUILD_DIR}/${FRAMEWORKS_FOLDER_PATH}/CJImagePickerKit.framework",
				"${TARGET_BUILD_DIR}/${FRAMEWORKS_FOLDER_PATH}/CJNetwork.framework",
				"${TARGET_BUILD_DIR}/${FRAMEWORKS_FOLDER_PATH}/CJNetworkFileModel.framework",
				"${TARGET_BUILD_DIR}/${FRAMEWORKS_FOLDER_PATH}/CJOverlayView.framework",
				"${TARGET_BUILD_DIR}/${FRAMEWORKS_FOLDER_PATH}/CJPopupAction.framework",
				"${TARGET_BUILD_DIR}/${FRAMEWORKS_FOLDER_PATH}/CJPopupCreater.framework",
				"${TARGET_BUILD_DIR}/${FRAMEWORKS_FOLDER_PATH}/CQActionCollectionView.framework",
				"${TARGET_BUILD_DIR}/${FRAMEWORKS_FOLDER_PATH}/CQBridgeSTOLottie.framework",
				"${TARGET_BUILD_DIR}/${FRAMEWORKS_FOLDER_PATH}/CQDemoKit.framework",
				"${TARGET_BUILD_DIR}/${FRAMEWORKS_FOLDER_PATH}/CQImageAddDeleteListKit.framework",
				"${TARGET_BUILD_DIR}/${FRAMEWORKS_FOLDER_PATH}/CQImageKit.framework",
				"${TARGET_BUILD_DIR}/${FRAMEWORKS_FOLDER_PATH}/CQImagePickerKit.framework",
				"${TARGET_BUILD_DIR}/${FRAMEWORKS_FOLDER_PATH}/CQNetworkPublic.framework",
				"${TARGET_BUILD_DIR}/${FRAMEWORKS_FOLDER_PATH}/CQOverlayKit.framework",
				"${TARGET_BUILD_DIR}/${FRAMEWORKS_FOLDER_PATH}/CQPopupCreater_Base.framework",
				"${TARGET_BUILD_DIR}/${FRAMEWORKS_FOLDER_PATH}/DZNEmptyDataSet.framework",
				"${TARGET_BUILD_DIR}/${FRAMEWORKS_FOLDER_PATH}/IjinbuNetwork.framework",
				"${TARGET_BUILD_DIR}/${FRAMEWORKS_FOLDER_PATH}/JGActionSheet.framework",
				"${TARGET_BUILD_DIR}/${FRAMEWORKS_FOLDER_PATH}/MBProgressHUD.framework",
				"${TARGET_BUILD_DIR}/${FRAMEWORKS_FOLDER_PATH}/MJPopupViewController.framework",
				"${TARGET_BUILD_DIR}/${FRAMEWORKS_FOLDER_PATH}/MJRefresh.framework",
				"${TARGET_BUILD_DIR}/${FRAMEWORKS_FOLDER_PATH}/Masonry.framework",
				"${TARGET_BUILD_DIR}/${FRAMEWORKS_FOLDER_PATH}/OpenUDID.framework",
				"${TARGET_BUILD_DIR}/${FRAMEWORKS_FOLDER_PATH}/PinYin4Objc.framework",
				"${TARGET_BUILD_DIR}/${FRAMEWORKS_FOLDER_PATH}/SDCycleScrollView.framework",
				"${TARGET_BUILD_DIR}/${FRAMEWORKS_FOLDER_PATH}/SDWebImage.framework",
				"${TARGET_BUILD_DIR}/${FRAMEWORKS_FOLDER_PATH}/SVProgressHUD.framework",
				"${TARGET_BUILD_DIR}/${FRAMEWORKS_FOLDER_PATH}/SnapKit.framework",
				"${TARGET_BUILD_DIR}/${FRAMEWORKS_FOLDER_PATH}/YYCache.framework",
				"${TARGET_BUILD_DIR}/${FRAMEWORKS_FOLDER_PATH}/Lottie.framework",
			);
			runOnlyForDeploymentPostprocessing = 0;
			shellPath = /bin/sh;
			shellScript = "\"${PODS_ROOT}/Target Support Files/Pods-CJComplexUIKitDemo/Pods-CJComplexUIKitDemo-frameworks.sh\"\n";
			showEnvVarsInLog = 0;
		};
/* End PBXShellScriptBuildPhase section */

/* Begin PBXSourcesBuildPhase section */
		780E45FC1E5DF87B00980127 /* Sources */ = {
			isa = PBXSourcesBuildPhase;
			buildActionMask = 2147483647;
			files = (
				789A4F8E21FAF3FB001528B9 /* ReuseDataSourceTableViewController.m in Sources */,
				789A4F5B21FAF3A8001528B9 /* MyEqualCellSizeViewController.m in Sources */,
				789A4F9121FAF3FB001528B9 /* TvDemo_Complex+Event.m in Sources */,
				789A4F9421FAF3FB001528B9 /* TvDemo_Complex.m in Sources */,
				789A4F3721FAF3A8001528B9 /* MyADModel.m in Sources */,
				789A4F6021FAF3A8001528B9 /* CvDemo_Complex+Event.m in Sources */,
				780E46081E5DF87B00980127 /* AppDelegate.m in Sources */,
				976CB36C2FFE76A0000505DD /* TSAlertManager.m in Sources */,
				976CB36D2FFE76A0000505DD /* CJBaseAlertView+TSPopupAction.m in Sources */,
				789A4F9A21FAF3FB001528B9 /* TableHomeViewController.m in Sources */,
				789A4F6521FAF3A8001528B9 /* CustomCollectionViewCell.m in Sources */,
				789A4F6221FAF3A8001528B9 /* Detail.m in Sources */,
				78590D0F215C79DD00F45AD5 /* UploadDirectlyImagePickerViewController.m in Sources */,
				780E46051E5DF87B00980127 /* main.m in Sources */,
				789A4F9821FAF3FB001528B9 /* TableViewController.m in Sources */,
				789A4F3521FAF3A8001528B9 /* MemoryADCollectionViewCell.m in Sources */,
				789A4F5121FAF3A8001528B9 /* CollectionHomeViewController.m in Sources */,
				789A4F9B21FAF3FB001528B9 /* SHeaderHome2.m in Sources */,
				789A4F5A21FAF3A8001528B9 /* MyEqualCellSizeView.m in Sources */,
				78590D0C215C79DD00F45AD5 /* UploadNoneImagePickerViewController.m in Sources */,
				789A4F5F21FAF3A8001528B9 /* CvDemo_Complex.m in Sources */,
				789A4F6821FAF3A8001528B9 /* cvSupplementaryHead.m in Sources */,
				789A4F5C21FAF3A8001528B9 /* MyEqualCellSizeCollectionViewController.m in Sources */,
				976CB3502FFE6C9D000505DD /* TestDataModel.m in Sources */,
				976CB3512FFE6C9D000505DD /* TestDataUtil.m in Sources */,
				976CB3522FFE6C9D000505DD /* DemoInfo.m in Sources */,
				80E7E68920AC37CA000F762D /* IjinbuNetworkClient+Login.m in Sources */,
				9729D80C300188E600FFF239 /* CustomTripProgressView.m in Sources */,
				9729D80D300188E600FFF239 /* ProcessLineView.m in Sources */,
				789A4F6721FAF3A8001528B9 /* cvSupplementaryFoot.m in Sources */,
				789A4F3621FAF3A8001528B9 /* MyCycleADViewController.m in Sources */,
				789A4F9E21FAF3FB001528B9 /* CustomTableViewCell.m in Sources */,
				976CB3592FFE6CF6000505DD /* AppInfo.m in Sources */,
				976CB35A2FFE6CF6000505DD /* AppInfoManager.m in Sources */,
				8014A2801FA2C2E500DDDB5A /* AppDelegate+WindowRootViewController.m in Sources */,
			);
			runOnlyForDeploymentPostprocessing = 0;
		};
		780E46151E5DF87B00980127 /* Sources */ = {
			isa = PBXSourcesBuildPhase;
			buildActionMask = 2147483647;
			files = (
				80D49F8F20BE8574003F642C /* TestCityModel.m in Sources */,
				80D49F8B20BE7EE0003F642C /* CJDataUtilTest.m in Sources */,
				780E461E1E5DF87B00980127 /* CJComplexUIKitDemoTests.m in Sources */,
			);
			runOnlyForDeploymentPostprocessing = 0;
		};
		780E46201E5DF87B00980127 /* Sources */ = {
			isa = PBXSourcesBuildPhase;
			buildActionMask = 2147483647;
			files = (
				780E46291E5DF87B00980127 /* CJComplexUIKitDemoUITests.m in Sources */,
			);
			runOnlyForDeploymentPostprocessing = 0;
		};
/* End PBXSourcesBuildPhase section */

/* Begin PBXTargetDependency section */
		780E461B1E5DF87B00980127 /* PBXTargetDependency */ = {
			isa = PBXTargetDependency;
			target = 780E45FF1E5DF87B00980127 /* CJComplexUIKitDemo */;
			targetProxy = 780E461A1E5DF87B00980127 /* PBXContainerItemProxy */;
		};
		780E46261E5DF87B00980127 /* PBXTargetDependency */ = {
			isa = PBXTargetDependency;
			target = 780E45FF1E5DF87B00980127 /* CJComplexUIKitDemo */;
			targetProxy = 780E46251E5DF87B00980127 /* PBXContainerItemProxy */;
		};
/* End PBXTargetDependency section */

/* Begin PBXVariantGroup section */
		780E460C1E5DF87B00980127 /* Main.storyboard */ = {
			isa = PBXVariantGroup;
			children = (
				780E460D1E5DF87B00980127 /* Base */,
			);
			name = Main.storyboard;
			sourceTree = "<group>";
		};
		780E46111E5DF87B00980127 /* LaunchScreen.storyboard */ = {
			isa = PBXVariantGroup;
			children = (
				780E46121E5DF87B00980127 /* Base */,
			);
			name = LaunchScreen.storyboard;
			sourceTree = "<group>";
		};
/* End PBXVariantGroup section */

/* Begin XCBuildConfiguration section */
		780E462B1E5DF87B00980127 /* Debug */ = {
			isa = XCBuildConfiguration;
			buildSettings = {
				ALWAYS_SEARCH_USER_PATHS = NO;
				CLANG_ANALYZER_NONNULL = YES;
				CLANG_CXX_LANGUAGE_STANDARD = "gnu++0x";
				CLANG_CXX_LIBRARY = "libc++";
				CLANG_ENABLE_MODULES = YES;
				CLANG_ENABLE_OBJC_ARC = YES;
				CLANG_WARN_BLOCK_CAPTURE_AUTORELEASING = YES;
				CLANG_WARN_BOOL_CONVERSION = YES;
				CLANG_WARN_COMMA = YES;
				CLANG_WARN_CONSTANT_CONVERSION = YES;
				CLANG_WARN_DEPRECATED_OBJC_IMPLEMENTATIONS = YES;
				CLANG_WARN_DIRECT_OBJC_ISA_USAGE = YES_ERROR;
				CLANG_WARN_DOCUMENTATION_COMMENTS = YES;
				CLANG_WARN_EMPTY_BODY = YES;
				CLANG_WARN_ENUM_CONVERSION = YES;
				CLANG_WARN_INFINITE_RECURSION = YES;
				CLANG_WARN_INT_CONVERSION = YES;
				CLANG_WARN_NON_LITERAL_NULL_CONVERSION = YES;
				CLANG_WARN_OBJC_IMPLICIT_RETAIN_SELF = YES;
				CLANG_WARN_OBJC_LITERAL_CONVERSION = YES;
				CLANG_WARN_OBJC_ROOT_CLASS = YES_ERROR;
				CLANG_WARN_RANGE_LOOP_ANALYSIS = YES;
				CLANG_WARN_STRICT_PROTOTYPES = YES;
				CLANG_WARN_SUSPICIOUS_MOVE = YES;
				CLANG_WARN_SUSPICIOUS_MOVES = YES;
				CLANG_WARN_UNREACHABLE_CODE = YES;
				CLANG_WARN__DUPLICATE_METHOD_MATCH = YES;
				"CODE_SIGN_IDENTITY[sdk=iphoneos*]" = "iPhone Developer";
				COPY_PHASE_STRIP = NO;
				DEBUG_INFORMATION_FORMAT = dwarf;
				ENABLE_STRICT_OBJC_MSGSEND = YES;
				ENABLE_TESTABILITY = YES;
				GCC_C_LANGUAGE_STANDARD = gnu99;
				GCC_DYNAMIC_NO_PIC = NO;
				GCC_NO_COMMON_BLOCKS = YES;
				GCC_OPTIMIZATION_LEVEL = 0;
				GCC_PREPROCESSOR_DEFINITIONS = (
					"DEBUG=1",
					"$(inherited)",
				);
				GCC_WARN_64_TO_32_BIT_CONVERSION = YES;
				GCC_WARN_ABOUT_RETURN_TYPE = YES_ERROR;
				GCC_WARN_UNDECLARED_SELECTOR = YES;
				GCC_WARN_UNINITIALIZED_AUTOS = YES_AGGRESSIVE;
				GCC_WARN_UNUSED_FUNCTION = YES;
				GCC_WARN_UNUSED_VARIABLE = YES;
				IPHONEOS_DEPLOYMENT_TARGET = 9.0;
				MTL_ENABLE_DEBUG_INFO = YES;
				ONLY_ACTIVE_ARCH = YES;
				SDKROOT = iphoneos;
				TARGETED_DEVICE_FAMILY = "1,2";
			};
			name = Debug;
		};
		780E462C1E5DF87B00980127 /* Release */ = {
			isa = XCBuildConfiguration;
			buildSettings = {
				ALWAYS_SEARCH_USER_PATHS = NO;
				CLANG_ANALYZER_NONNULL = YES;
				CLANG_CXX_LANGUAGE_STANDARD = "gnu++0x";
				CLANG_CXX_LIBRARY = "libc++";
				CLANG_ENABLE_MODULES = YES;
				CLANG_ENABLE_OBJC_ARC = YES;
				CLANG_WARN_BLOCK_CAPTURE_AUTORELEASING = YES;
				CLANG_WARN_BOOL_CONVERSION = YES;
				CLANG_WARN_COMMA = YES;
				CLANG_WARN_CONSTANT_CONVERSION = YES;
				CLANG_WARN_DEPRECATED_OBJC_IMPLEMENTATIONS = YES;
				CLANG_WARN_DIRECT_OBJC_ISA_USAGE = YES_ERROR;
				CLANG_WARN_DOCUMENTATION_COMMENTS = YES;
				CLANG_WARN_EMPTY_BODY = YES;
				CLANG_WARN_ENUM_CONVERSION = YES;
				CLANG_WARN_INFINITE_RECURSION = YES;
				CLANG_WARN_INT_CONVERSION = YES;
				CLANG_WARN_NON_LITERAL_NULL_CONVERSION = YES;
				CLANG_WARN_OBJC_IMPLICIT_RETAIN_SELF = YES;
				CLANG_WARN_OBJC_LITERAL_CONVERSION = YES;
				CLANG_WARN_OBJC_ROOT_CLASS = YES_ERROR;
				CLANG_WARN_RANGE_LOOP_ANALYSIS = YES;
				CLANG_WARN_STRICT_PROTOTYPES = YES;
				CLANG_WARN_SUSPICIOUS_MOVE = YES;
				CLANG_WARN_SUSPICIOUS_MOVES = YES;
				CLANG_WARN_UNREACHABLE_CODE = YES;
				CLANG_WARN__DUPLICATE_METHOD_MATCH = YES;
				"CODE_SIGN_IDENTITY[sdk=iphoneos*]" = "iPhone Developer";
				COPY_PHASE_STRIP = NO;
				DEBUG_INFORMATION_FORMAT = "dwarf-with-dsym";
				ENABLE_NS_ASSERTIONS = NO;
				ENABLE_STRICT_OBJC_MSGSEND = YES;
				GCC_C_LANGUAGE_STANDARD = gnu99;
				GCC_NO_COMMON_BLOCKS = YES;
				GCC_WARN_64_TO_32_BIT_CONVERSION = YES;
				GCC_WARN_ABOUT_RETURN_TYPE = YES_ERROR;
				GCC_WARN_UNDECLARED_SELECTOR = YES;
				GCC_WARN_UNINITIALIZED_AUTOS = YES_AGGRESSIVE;
				GCC_WARN_UNUSED_FUNCTION = YES;
				GCC_WARN_UNUSED_VARIABLE = YES;
				IPHONEOS_DEPLOYMENT_TARGET = 9.0;
				MTL_ENABLE_DEBUG_INFO = NO;
				SDKROOT = iphoneos;
				TARGETED_DEVICE_FAMILY = "1,2";
				VALIDATE_PRODUCT = YES;
			};
			name = Release;
		};
		780E462E1E5DF87B00980127 /* Debug */ = {
			isa = XCBuildConfiguration;
			baseConfigurationReference = 05BA2EB03EB792C4C1C86BCE /* Pods-CJComplexUIKitDemo.debug.xcconfig */;
			buildSettings = {
				ASSETCATALOG_COMPILER_APPICON_NAME = AppIcon;
				CODE_SIGN_IDENTITY = "iPhone Developer";
				CODE_SIGN_STYLE = Manual;
				DEVELOPMENT_TEAM = "";
				GCC_PREFIX_HEADER = CJComplexUIKitDemo/PrefixHeader.pch;
				INFOPLIST_FILE = "$(SRCROOT)/CJComplexUIKitDemo/Info.plist";
				IPHONEOS_DEPLOYMENT_TARGET = 11.0;
				LD_RUNPATH_SEARCH_PATHS = "$(inherited) @executable_path/Frameworks";
				PRODUCT_BUNDLE_IDENTIFIER = com.dvlproad.CJComplexUIKitDemo;
				PRODUCT_NAME = "$(TARGET_NAME)";
				PROVISIONING_PROFILE = "";
				PROVISIONING_PROFILE_SPECIFIER = "";
			};
			name = Debug;
		};
		780E462F1E5DF87B00980127 /* Release */ = {
			isa = XCBuildConfiguration;
			baseConfigurationReference = 18C1A083041B9B42AD45248F /* Pods-CJComplexUIKitDemo.release.xcconfig */;
			buildSettings = {
				ASSETCATALOG_COMPILER_APPICON_NAME = AppIcon;
				CODE_SIGN_IDENTITY = "iPhone Developer";
				CODE_SIGN_STYLE = Manual;
				DEVELOPMENT_TEAM = "";
				GCC_PREFIX_HEADER = CJComplexUIKitDemo/PrefixHeader.pch;
				INFOPLIST_FILE = "$(SRCROOT)/CJComplexUIKitDemo/Info.plist";
				IPHONEOS_DEPLOYMENT_TARGET = 11.0;
				LD_RUNPATH_SEARCH_PATHS = "$(inherited) @executable_path/Frameworks";
				PRODUCT_BUNDLE_IDENTIFIER = com.dvlproad.CJComplexUIKitDemo;
				PRODUCT_NAME = "$(TARGET_NAME)";
				PROVISIONING_PROFILE = "";
				PROVISIONING_PROFILE_SPECIFIER = "";
			};
			name = Release;
		};
		780E46311E5DF87B00980127 /* Debug */ = {
			isa = XCBuildConfiguration;
			baseConfigurationReference = 3792BE1F43A6FBA9A33BADA4 /* Pods-CJComplexUIKitDemoTests.debug.xcconfig */;
			buildSettings = {
				BUNDLE_LOADER = "$(TEST_HOST)";
				INFOPLIST_FILE = CJComplexUIKitDemoTests/Info.plist;
				LD_RUNPATH_SEARCH_PATHS = "$(inherited) @executable_path/Frameworks @loader_path/Frameworks";
				PRODUCT_BUNDLE_IDENTIFIER = com.dvlproad.CJComplexUIKitDemoTests;
				PRODUCT_NAME = "$(TARGET_NAME)";
				TEST_HOST = "$(BUILT_PRODUCTS_DIR)/CJComplexUIKitDemo.app/CJComplexUIKitDemo";
			};
			name = Debug;
		};
		780E46321E5DF87B00980127 /* Release */ = {
			isa = XCBuildConfiguration;
			baseConfigurationReference = D92FC512BBC21CC0D27F656A /* Pods-CJComplexUIKitDemoTests.release.xcconfig */;
			buildSettings = {
				BUNDLE_LOADER = "$(TEST_HOST)";
				INFOPLIST_FILE = CJComplexUIKitDemoTests/Info.plist;
				LD_RUNPATH_SEARCH_PATHS = "$(inherited) @executable_path/Frameworks @loader_path/Frameworks";
				PRODUCT_BUNDLE_IDENTIFIER = com.dvlproad.CJComplexUIKitDemoTests;
				PRODUCT_NAME = "$(TARGET_NAME)";
				TEST_HOST = "$(BUILT_PRODUCTS_DIR)/CJComplexUIKitDemo.app/CJComplexUIKitDemo";
			};
			name = Release;
		};
		780E46341E5DF87B00980127 /* Debug */ = {
			isa = XCBuildConfiguration;
			buildSettings = {
				INFOPLIST_FILE = CJComplexUIKitDemoUITests/Info.plist;
				LD_RUNPATH_SEARCH_PATHS = "$(inherited) @executable_path/Frameworks @loader_path/Frameworks";
				PRODUCT_BUNDLE_IDENTIFIER = com.dvlproad.CJComplexUIKitDemoUITests;
				PRODUCT_NAME = "$(TARGET_NAME)";
				TEST_TARGET_NAME = CJComplexUIKitDemo;
			};
			name = Debug;
		};
		780E46351E5DF87B00980127 /* Release */ = {
			isa = XCBuildConfiguration;
			buildSettings = {
				INFOPLIST_FILE = CJComplexUIKitDemoUITests/Info.plist;
				LD_RUNPATH_SEARCH_PATHS = "$(inherited) @executable_path/Frameworks @loader_path/Frameworks";
				PRODUCT_BUNDLE_IDENTIFIER = com.dvlproad.CJComplexUIKitDemoUITests;
				PRODUCT_NAME = "$(TARGET_NAME)";
				TEST_TARGET_NAME = CJComplexUIKitDemo;
			};
			name = Release;
		};
/* End XCBuildConfiguration section */

/* Begin XCConfigurationList section */
		780E45FB1E5DF87B00980127 /* Build configuration list for PBXProject "CJComplexUIKitDemo" */ = {
			isa = XCConfigurationList;
			buildConfigurations = (
				780E462B1E5DF87B00980127 /* Debug */,
				780E462C1E5DF87B00980127 /* Release */,
			);
			defaultConfigurationIsVisible = 0;
			defaultConfigurationName = Release;
		};
		780E462D1E5DF87B00980127 /* Build configuration list for PBXNativeTarget "CJComplexUIKitDemo" */ = {
			isa = XCConfigurationList;
			buildConfigurations = (
				780E462E1E5DF87B00980127 /* Debug */,
				780E462F1E5DF87B00980127 /* Release */,
			);
			defaultConfigurationIsVisible = 0;
			defaultConfigurationName = Release;
		};
		780E46301E5DF87B00980127 /* Build configuration list for PBXNativeTarget "CJComplexUIKitDemoTests" */ = {
			isa = XCConfigurationList;
			buildConfigurations = (
				780E46311E5DF87B00980127 /* Debug */,
				780E46321E5DF87B00980127 /* Release */,
			);
			defaultConfigurationIsVisible = 0;
			defaultConfigurationName = Release;
		};
		780E46331E5DF87B00980127 /* Build configuration list for PBXNativeTarget "CJComplexUIKitDemoUITests" */ = {
			isa = XCConfigurationList;
			buildConfigurations = (
				780E46341E5DF87B00980127 /* Debug */,
				780E46351E5DF87B00980127 /* Release */,
			);
			defaultConfigurationIsVisible = 0;
			defaultConfigurationName = Release;
		};
/* End XCConfigurationList section */
	};
	rootObject = 780E45F81E5DF87B00980127 /* Project object */;
}
