PODS:
  - AFNetworking (3.2.1):
    - AFNetworking/NSURLSession (= 3.2.1)
    - AFNetworking/Reachability (= 3.2.1)
    - AFNetworking/Security (= 3.2.1)
    - AFNetworking/Serialization (= 3.2.1)
    - AFNetworking/UIKit (= 3.2.1)
  - AFNetworking/NSURLSession (3.2.1):
    - AFNetworking/Reachability
    - AFNetworking/Security
    - AFNetworking/Serialization
  - AFNetworking/Reachability (3.2.1)
  - AFNetworking/Security (3.2.1)
  - AFNetworking/Serialization (3.2.1)
  - AFNetworking/UIKit (3.2.1):
    - AFNetworking/NSURLSession
  - CJBaseEffectKit/CJDataEmptyView (0.2.0):
    - CJFoundation/NSString
    - Masonry
  - CJBaseEffectKit/CJScaleHeadView (0.2.0)
  - CJBaseHelper (0.1.4):
    - CJBaseHelper/AuthorizationCJHelper (= 0.1.4)
    - CJBaseHelper/DeviceCJHelper (= 0.1.4)
    - CJBaseHelper/HookCJHelper (= 0.1.4)
    - CJBaseHelper/NSCalendarCJHelper (= 0.1.4)
    - CJBaseHelper/NSDateFormatterCJHelper (= 0.1.4)
    - CJBaseHelper/NSObjectCJHelper (= 0.1.4)
    - CJBaseHelper/NSOperationQueueCJHelper (= 0.1.4)
    - CJBaseHelper/UIViewControllerCJHelper (= 0.1.4)
    - CJBaseHelper/WebCJHelper (= 0.1.4)
  - CJBaseHelper/AuthorizationCJHelper (0.1.4)
  - CJBaseHelper/DeviceCJHelper (0.1.4)
  - CJBaseHelper/HookCJHelper (0.1.4)
  - CJBaseHelper/NSCalendarCJHelper (0.1.4)
  - CJBaseHelper/NSDateFormatterCJHelper (0.1.4)
  - CJBaseHelper/NSObjectCJHelper (0.1.4)
  - CJBaseHelper/NSOperationQueueCJHelper (0.1.4)
  - CJBaseHelper/UIViewControllerCJHelper (0.1.4)
  - CJBaseHelper/WebCJHelper (0.1.4)
  - CJBaseOverlayKit/CJActionSheet (0.3.0):
    - CJBaseOverlayKit/CJBaseOverlayTheme
    - Masonry
  - CJBaseOverlayKit/CJAlert (0.3.0):
    - CJBaseOverlayKit/CJBaseOverlayTheme
    - Masonry
  - CJBaseOverlayKit/CJBaseOverlayTheme (0.3.0)
  - CJBaseOverlayKit/CJProgressHUD (0.3.0):
    - CJBaseOverlayKit/CJBaseOverlayTheme
    - lottie-ios (~> 2.5.3)
    - Masonry
    - MBProgressHUD
  - CJBaseOverlayKit/CJToast (0.3.0):
    - CJBaseOverlayKit/CJBaseOverlayTheme
    - MBProgressHUD
  - CJBaseUIKit (0.6.1):
    - CJBaseUIKit/CJBaseTableViewCell (= 0.6.1)
    - CJBaseUIKit/CJBaseTableViewHeaderFooterView (= 0.6.1)
    - CJBaseUIKit/CJSearchBar (= 0.6.1)
    - CJBaseUIKit/CJSlider (= 0.6.1)
    - CJBaseUIKit/CJTextView (= 0.6.1)
    - CJBaseUIKit/CJUIKitConstant (= 0.6.1)
    - CJBaseUIKit/UIButton (= 0.6.1)
    - CJBaseUIKit/UIColor (= 0.6.1)
    - CJBaseUIKit/UIImage (= 0.6.1)
    - CJBaseUIKit/UILabel (= 0.6.1)
    - CJBaseUIKit/UINavigationBar (= 0.6.1)
    - CJBaseUIKit/UIScrollView (= 0.6.1)
    - CJBaseUIKit/UITextField (= 0.6.1)
    - CJBaseUIKit/UIToolbar (= 0.6.1)
    - CJBaseUIKit/UIView (= 0.6.1)
    - CJBaseUIKit/UIViewController (= 0.6.1)
    - CJBaseUIKit/UIWindow (= 0.6.1)
  - CJBaseUIKit/CJBaseTableViewCell (0.6.1):
    - CJBaseUIKit/UIButton
  - CJBaseUIKit/CJBaseTableViewHeaderFooterView (0.6.1)
  - CJBaseUIKit/CJSearchBar (0.6.1)
  - CJBaseUIKit/CJSlider (0.6.1)
  - CJBaseUIKit/CJTextView (0.6.1)
  - CJBaseUIKit/CJUIKitConstant (0.6.1)
  - CJBaseUIKit/UIButton (0.6.1)
  - CJBaseUIKit/UIColor (0.6.1)
  - CJBaseUIKit/UIImage (0.6.1)
  - CJBaseUIKit/UILabel (0.6.1)
  - CJBaseUIKit/UINavigationBar (0.6.1)
  - CJBaseUIKit/UIScrollView (0.6.1):
    - CJBaseUIKit/UIScrollView/CJKeyboardAvoiding (= 0.6.1)
  - CJBaseUIKit/UIScrollView/CJKeyboardAvoiding (0.6.1)
  - CJBaseUIKit/UITextField (0.6.1):
    - CJBaseUIKit/UIView/CJPopupAction
  - CJBaseUIKit/UIToolbar (0.6.1):
    - CJBaseUIKit/UIImage
  - CJBaseUIKit/UIView (0.6.1):
    - CJBaseUIKit/UIView/CJAnimation (= 0.6.1)
    - CJBaseUIKit/UIView/CJDragAction (= 0.6.1)
    - CJBaseUIKit/UIView/CJGestureRecognizer (= 0.6.1)
    - CJBaseUIKit/UIView/CJPopupAction (= 0.6.1)
    - CJBaseUIKit/UIView/CJShakeAction (= 0.6.1)
  - CJBaseUIKit/UIView/CJAnimation (0.6.1)
  - CJBaseUIKit/UIView/CJDragAction (0.6.1)
  - CJBaseUIKit/UIView/CJGestureRecognizer (0.6.1)
  - CJBaseUIKit/UIView/CJPopupAction (0.6.1)
  - CJBaseUIKit/UIView/CJShakeAction (0.6.1)
  - CJBaseUIKit/UIViewController (0.6.1)
  - CJBaseUIKit/UIWindow (0.6.1)
  - CJBaseUtil (0.5.1):
    - CJBaseUtil/CJAppLastUtil (= 0.5.1)
    - CJBaseUtil/CJCallUtil (= 0.5.1)
    - CJBaseUtil/CJDataUtil (= 0.5.1)
    - CJBaseUtil/CJDateUtil (= 0.5.1)
    - CJBaseUtil/CJIndentedStringUtil (= 0.5.1)
    - CJBaseUtil/CJKeyboardUtil (= 0.5.1)
    - CJBaseUtil/CJLaunchImageUtil (= 0.5.1)
    - CJBaseUtil/CJManager (= 0.5.1)
    - CJBaseUtil/CJPinyinHelper (= 0.5.1)
    - CJBaseUtil/CJQRCodeUtil (= 0.5.1)
  - CJBaseUtil/CJAppLastUtil (0.5.1):
    - SAMKeychain
  - CJBaseUtil/CJCallUtil (0.5.1)
  - CJBaseUtil/CJDataUtil (0.5.1)
  - CJBaseUtil/CJDateUtil (0.5.1)
  - CJBaseUtil/CJIndentedStringUtil (0.5.1)
  - CJBaseUtil/CJKeyboardUtil (0.5.1)
  - CJBaseUtil/CJLaunchImageUtil (0.5.1)
  - CJBaseUtil/CJManager (0.5.1):
    - CJBaseUtil/CJManager/CJLocationChangeManager (= 0.5.1)
    - CJBaseUtil/CJManager/CJModuleManager (= 0.5.1)
    - CJBaseUtil/CJManager/CJSuspendWindowManager (= 0.5.1)
    - CJBaseUtil/CJManager/CJTimerManager (= 0.5.1)
  - CJBaseUtil/CJManager/CJLocationChangeManager (0.5.1):
    - CJBaseUtil/CJDateUtil
  - CJBaseUtil/CJManager/CJModuleManager (0.5.1)
  - CJBaseUtil/CJManager/CJSuspendWindowManager (0.5.1)
  - CJBaseUtil/CJManager/CJTimerManager (0.5.1)
  - CJBaseUtil/CJPinyinHelper (0.5.1):
    - PinYin4Objc
  - CJBaseUtil/CJQRCodeUtil (0.5.1)
  - CJCollectionViewLayout (0.1.0):
    - CJCollectionViewLayout/FlowLayout (= 0.1.0)
  - CJCollectionViewLayout/FlowLayout (0.1.0)
  - CJComplexUIKit/CJCollectionView (0.3.0):
    - CJComplexUIKit/CJCollectionView/CJBaseCollectionViewCell (= 0.3.0)
    - CJComplexUIKit/CJCollectionView/CJCollectionViewLayout (= 0.3.0)
  - CJComplexUIKit/CJCollectionView/CJBaseCollectionViewCell (0.3.0)
  - CJComplexUIKit/CJCollectionView/CJCollectionViewLayout (0.3.0)
  - CJComplexUIKit/CJScrollView (0.3.0)
  - CJFile/CJFileManager (0.0.9)
  - CJFoundation (0.1.3):
    - CJFoundation/NSDictionary (= 0.1.3)
    - CJFoundation/NSJSONSerialization (= 0.1.3)
    - CJFoundation/NSString (= 0.1.3)
  - CJFoundation/NSDictionary (0.1.3)
  - CJFoundation/NSJSONSerialization (0.1.3)
  - CJFoundation/NSString (0.1.3)
  - CJMedia/CJPhotoBrowser (0.0.7):
    - CJMedia/CJValidateAuthorizationUtil
    - Masonry
    - MBProgressHUD
    - SDWebImage
  - CJMedia/CJUploadImagePickerUtil (0.0.7):
    - CJFile/CJFileManager
    - CJMedia/CJPhotoBrowser
    - CJMedia/CJValidateAuthorizationUtil
    - CJMedia/MySingleImagePickerController
    - CJNetwork/AFNetworkingUploadComponent
  - CJMedia/CJValidateAuthorizationUtil (0.0.7)
  - CJMedia/MySingleImagePickerController (0.0.7):
    - CJMedia/CJValidateAuthorizationUtil
  - CJNetwork (0.5.0):
    - CJNetwork/AFNetworkingBaseComponent (= 0.5.0)
    - CJNetwork/AFNetworkingCacheComponent (= 0.5.0)
    - CJNetwork/AFNetworkingUploadComponent (= 0.5.0)
    - CJNetwork/CJCacheManager (= 0.5.0)
    - CJNetwork/CJNetworkBase (= 0.5.0)
    - CJNetwork/CJRequestUtil (= 0.5.0)
  - CJNetwork/AFNetworkingBaseComponent (0.5.0):
    - AFNetworking
    - CJNetwork/CJNetworkBase
  - CJNetwork/AFNetworkingCacheComponent (0.5.0):
    - CJNetwork/AFNetworkingBaseComponent
    - CJNetwork/CJCacheManager
  - CJNetwork/AFNetworkingUploadComponent (0.5.0):
    - AFNetworking
  - CJNetwork/CJCacheManager (0.5.0)
  - CJNetwork/CJNetworkBase (0.5.0)
  - CJNetwork/CJRequestUtil (0.5.0):
    - CJNetwork/CJNetworkBase
  - CQCollectionViewDataSource (0.1.0):
    - CQCollectionViewDataSource/ExtralItem (= 0.1.0)
    - CQCollectionViewDataSource/Search (= 0.1.0)
  - CQCollectionViewDataSource/ExtralItem (0.1.0)
  - CQCollectionViewDataSource/Search (0.1.0):
    - CJBaseUtil/CJDataUtil
    - CQCollectionViewDataSource/ExtralItem
  - CQDemoKit (0.3.1):
    - CQDemoKit/Demo_Resource (= 0.3.1)
    - CQDemoKit/Home_Base (= 0.3.1)
    - CQDemoKit/Home_Collection (= 0.3.1)
    - CQDemoKit/Home_TextView (= 0.3.1)
  - CQDemoKit/Demo_Resource (0.3.1)
  - CQDemoKit/Home_Base (0.3.1):
    - CJBaseUtil/CJDataUtil
    - Masonry
  - CQDemoKit/Home_Collection (0.3.1):
    - CQDemoKit/Home_Base
  - CQDemoKit/Home_TextView (0.3.1):
    - CQDemoKit/Home_Base
  - CQOverlayKit (0.3.0):
    - CQOverlayKit/Base (= 0.3.0)
    - CQOverlayKit/CQActionSheet (= 0.3.0)
    - CQOverlayKit/CQAlert (= 0.3.0)
    - CQOverlayKit/CQHUD (= 0.3.0)
    - CQOverlayKit/CQToast (= 0.3.0)
    - CQOverlayKit/Theme (= 0.3.0)
  - CQOverlayKit/Base (0.3.0):
    - CJBaseUIKit/UIView/CJPopupAction
    - CQOverlayKit/Theme
  - CQOverlayKit/CQActionSheet (0.3.0):
    - CJBaseOverlayKit/CJActionSheet
    - CQOverlayKit/Base
    - CQOverlayKit/Theme
  - CQOverlayKit/CQAlert (0.3.0):
    - CJBaseHelper/AuthorizationCJHelper
    - CJBaseOverlayKit/CJAlert
    - CJBaseUIKit/UIView/CJPopupAction
    - CQOverlayKit/Theme
  - CQOverlayKit/CQHUD (0.3.0):
    - CJBaseOverlayKit/CJProgressHUD
    - CJBaseOverlayKit/CJToast
    - CQOverlayKit/Theme
    - SVProgressHUD
  - CQOverlayKit/CQToast (0.3.0):
    - CJBaseOverlayKit/CJToast
    - CQOverlayKit/Theme
  - CQOverlayKit/Theme (0.3.0):
    - CJBaseOverlayKit/CJBaseOverlayTheme
  - DZNEmptyDataSet (1.8.1)
  - IjinbuNetwork (0.1.0):
    - CJNetwork/AFNetworkingBaseComponent
    - CJNetwork/AFNetworkingCacheComponent
    - CJNetwork/AFNetworkingUploadComponent
    - OpenUDID
  - JGActionSheet (1.0.5)
  - lottie-ios (2.5.3)
  - Masonry (1.1.0)
  - MBProgressHUD (1.2.0)
  - MJPopupViewController (0.4)
  - NJKWebViewProgress (0.2.3):
    - NJKWebViewProgress/Core (= 0.2.3)
    - NJKWebViewProgress/ProgressView (= 0.2.3)
  - NJKWebViewProgress/Core (0.2.3)
  - NJKWebViewProgress/ProgressView (0.2.3)
  - OpenUDID (1.0.0)
  - PinYin4Objc (1.1.1)
  - SAMKeychain (1.5.3)
  - SDCycleScrollView (1.80):
    - SDWebImage (>= 5.0.0)
  - SDWebImage (5.8.0):
    - SDWebImage/Core (= 5.8.0)
  - SDWebImage/Core (5.8.0)
  - SVProgressHUD (2.2.5)
  - UICollectionViewCJSelectHelper (0.1.0):
    - CJCollectionViewLayout/FlowLayout

DEPENDENCIES:
  - AFNetworking
  - AFNetworking/Reachability
  - CJBaseEffectKit/CJDataEmptyView
  - CJBaseEffectKit/CJScaleHeadView
  - CJBaseHelper (from `../`)
  - CJBaseUIKit (from `../`)
  - CJBaseUtil (from `../`)
  - CJCollectionViewLayout
  - CJComplexUIKit/CJCollectionView (from `../`)
  - CJComplexUIKit/CJScrollView (from `../`)
  - CJFoundation (from `../`)
  - CJMedia/CJUploadImagePickerUtil (~> 0.0.7)
  - CJNetwork
  - CJNetwork/AFNetworkingBaseComponent
  - CQCollectionViewDataSource
  - CQDemoKit (~> 0.3.1)
  - CQOverlayKit
  - DZNEmptyDataSet
  - IjinbuNetwork (~> 0.1.0)
  - JGActionSheet
  - MJPopupViewController (~> 0.4)
  - NJKWebViewProgress
  - SDCycleScrollView (~> 1.75)
  - SVProgressHUD
  - UICollectionViewCJSelectHelper

SPEC REPOS:
  https://gitee.com/dvlproad/dvlproadSpecs.git:
    - CJBaseEffectKit
    - CJBaseOverlayKit
    - CJCollectionViewLayout
    - CQCollectionViewDataSource
    - CQOverlayKit
    - IjinbuNetwork
    - UICollectionViewCJSelectHelper
  https://github.com/CocoaPods/Specs.git:
    - AFNetworking
    - CJFile
    - CJMedia
    - CJNetwork
    - CQDemoKit
    - DZNEmptyDataSet
    - JGActionSheet
    - lottie-ios
    - Masonry
    - MBProgressHUD
    - MJPopupViewController
    - NJKWebViewProgress
    - OpenUDID
    - PinYin4Objc
    - SAMKeychain
    - SDCycleScrollView
    - SDWebImage
    - SVProgressHUD

EXTERNAL SOURCES:
  CJBaseHelper:
    :path: "../"
  CJBaseUIKit:
    :path: "../"
  CJBaseUtil:
    :path: "../"
  CJComplexUIKit:
    :path: "../"
  CJFoundation:
    :path: "../"

SPEC CHECKSUMS:
  AFNetworking: b6f891fdfaed196b46c7a83cf209e09697b94057
  CJBaseEffectKit: 8640801fa272a1d96a6edce2c994652ced0e519f
  CJBaseHelper: dd715e18591da9df5d06364098300591220f0535
  CJBaseOverlayKit: 527fc5c7431854d2265b83a7adee176ccea68ff3
  CJBaseUIKit: 094bcdde160d169f1b7823e18e9920bb069594bf
  CJBaseUtil: 1bbf8d5f831dc12ae4bb06c8b5326bd39f3522e1
  CJCollectionViewLayout: 5ebedfcf323db4cfba03e96e6e97106082f0946e
  CJComplexUIKit: 56b659d31d6e8ba46c77cb045a6c26ac1deb51b2
  CJFile: 6c1e6d55b3b94e8afbaa9f413f131301d15fdc48
  CJFoundation: 53b4df7152c6d6fd776f55f387c67f431b8574bd
  CJMedia: 29b1bd8c127fb80c4993a76420a3bcc31a4657e5
  CJNetwork: a75f849e5c6ec8fc85ca7aa5027f73d6c48a4af1
  CQCollectionViewDataSource: dc8ed4fe4eaebe2d63567e617f615fffbf0c3332
  CQDemoKit: 939ad9b106b105b875a77a3e1ab21bfbed964c27
  CQOverlayKit: 14c376841d352a1c8a18bffea896c53c317cf06a
  DZNEmptyDataSet: 9525833b9e68ac21c30253e1d3d7076cc828eaa7
  IjinbuNetwork: 307e7e12d35b547f04b885cc2aa098625e4b9768
  JGActionSheet: 2cfca820b57a11ec4b4a5655d45ee599fbeddc05
  lottie-ios: a50d5c0160425cd4b01b852bb9578963e6d92d31
  Masonry: 678fab65091a9290e40e2832a55e7ab731aad201
  MBProgressHUD: 3ee5efcc380f6a79a7cc9b363dd669c5e1ae7406
  MJPopupViewController: e9ad553a3145eb8126ba2748e872ae7fb25cc605
  NJKWebViewProgress: f481fd424cb5ecc27eacae11b5397db92fba9a4d
  OpenUDID: e7cb6984c7304906ad20f3a36bf087b025896b6b
  PinYin4Objc: 3fa9673610368330e2dfb688b1d19a35c3930a78
  SAMKeychain: 483e1c9f32984d50ca961e26818a534283b4cd5c
  SDCycleScrollView: b3c9a5ed840c771c4938978174c7c9d9feefeb96
  SDWebImage: 84000f962cbfa70c07f19d2234cbfcf5d779b5dc
  SVProgressHUD: 1428aafac632c1f86f62aa4243ec12008d7a51d6
  UICollectionViewCJSelectHelper: 79741171831b10c84595c09896237563ab5cf5f3

PODFILE CHECKSUM: c21c60ec52be6831ec1b711d63d3b44718c160fd

COCOAPODS: 1.9.3
