PODS:
  - AFNetworking/Reachability (3.2.1)
  - CJBaseEffectKit/CJScaleHeadView (0.2.0)
  - CJBaseHelper (0.1.4):
    - CJBaseHelper/AuthorizationCJHelper (= 0.1.4)
    - CJBaseHelper/DeviceCJHelper (= 0.1.4)
    - CJBaseHelper/HookCJHelper (= 0.1.4)
    - CJBaseHelper/NSCalendarCJHelper (= 0.1.4)
    - CJBaseHelper/NSDateFormatterCJHelper (= 0.1.4)
    - CJBaseHelper/NSObjectCJHelper (= 0.1.4)
    - CJBaseHelper/NSOperationQueueCJHelper (= 0.1.4)
    - CJBaseHelper/UIViewControllerCJHelper (= 0.1.4)
    - CJBaseHelper/WebCJHelper (= 0.1.4)
  - CJBaseHelper/AuthorizationCJHelper (0.1.4)
  - CJBaseHelper/DeviceCJHelper (0.1.4)
  - CJBaseHelper/HookCJHelper (0.1.4)
  - CJBaseHelper/NSCalendarCJHelper (0.1.4)
  - CJBaseHelper/NSDateFormatterCJHelper (0.1.4)
  - CJBaseHelper/NSObjectCJHelper (0.1.4)
  - CJBaseHelper/NSOperationQueueCJHelper (0.1.4)
  - CJBaseHelper/UIViewControllerCJHelper (0.1.4)
  - CJBaseHelper/WebCJHelper (0.1.4)
  - CJBaseTest/Test (0.0.2)
  - CJBaseTest/UITest (0.0.2)
  - CJBaseUtil (0.5.1):
    - CJBaseUtil/CJAppLastUtil (= 0.5.1)
    - CJBaseUtil/CJCallUtil (= 0.5.1)
    - CJBaseUtil/CJDataUtil (= 0.5.1)
    - CJBaseUtil/CJDateUtil (= 0.5.1)
    - CJBaseUtil/CJIndentedStringUtil (= 0.5.1)
    - CJBaseUtil/CJKeyboardUtil (= 0.5.1)
    - CJBaseUtil/CJLaunchImageUtil (= 0.5.1)
    - CJBaseUtil/CJManager (= 0.5.1)
    - CJBaseUtil/CJPinyinHelper (= 0.5.1)
    - CJBaseUtil/CJQRCodeUtil (= 0.5.1)
  - CJBaseUtil/CJAppLastUtil (0.5.1):
    - SAMKeychain
  - CJBaseUtil/CJCallUtil (0.5.1)
  - CJBaseUtil/CJDataUtil (0.5.1)
  - CJBaseUtil/CJDateUtil (0.5.1)
  - CJBaseUtil/CJIndentedStringUtil (0.5.1)
  - CJBaseUtil/CJKeyboardUtil (0.5.1)
  - CJBaseUtil/CJLaunchImageUtil (0.5.1)
  - CJBaseUtil/CJManager (0.5.1):
    - CJBaseUtil/CJManager/CJLocationChangeManager (= 0.5.1)
    - CJBaseUtil/CJManager/CJModuleManager (= 0.5.1)
    - CJBaseUtil/CJManager/CJSuspendWindowManager (= 0.5.1)
    - CJBaseUtil/CJManager/CJTimerManager (= 0.5.1)
  - CJBaseUtil/CJManager/CJLocationChangeManager (0.5.1):
    - CJBaseUtil/CJDateUtil
  - CJBaseUtil/CJManager/CJModuleManager (0.5.1)
  - CJBaseUtil/CJManager/CJSuspendWindowManager (0.5.1)
  - CJBaseUtil/CJManager/CJTimerManager (0.5.1)
  - CJBaseUtil/CJPinyinHelper (0.5.1):
    - PinYin4Objc
  - CJBaseUtil/CJQRCodeUtil (0.5.1)
  - CJFile/CJFileManager (0.0.9)
  - CJFile/CJFileModel (0.0.9)
  - CJFoundation (0.1.3):
    - CJFoundation/NSDictionary (= 0.1.3)
    - CJFoundation/NSJSONSerialization (= 0.1.3)
    - CJFoundation/NSString (= 0.1.3)
  - CJFoundation/NSDictionary (0.1.3)
  - CJFoundation/NSJSONSerialization (0.1.3)
  - CJFoundation/NSString (0.1.3)
  - CJPicker (1.3.2)
  - CJPopupView/CJPopoverView (2.1.0)
  - CQDemoKit/BaseUtil (0.5.9)
  - CQDemoKit/BaseVC (0.5.9):
    - CQDemoKit/BaseVC/Base (= 0.5.9)
    - CQDemoKit/BaseVC/Collection (= 0.5.9)
    - CQDemoKit/BaseVC/ScrollView (= 0.5.9)
    - CQDemoKit/BaseVC/TabBar (= 0.5.9)
    - CQDemoKit/BaseVC/TableView (= 0.5.9)
    - CQDemoKit/BaseVC/TextView (= 0.5.9)
  - CQDemoKit/BaseVC/Base (0.5.9):
    - Masonry
  - CQDemoKit/BaseVC/Collection (0.5.9):
    - CQDemoKit/BaseVC/Base
  - CQDemoKit/BaseVC/ScrollView (0.5.9):
    - CQDemoKit/BaseVC/Base
  - CQDemoKit/BaseVC/TabBar (0.5.9)
  - CQDemoKit/BaseVC/TableView (0.5.9):
    - CQDemoKit/BaseVC/Base
  - CQDemoKit/BaseVC/TextView (0.5.9):
    - CQDemoKit/BaseUtil
    - CQDemoKit/BaseVC/Base
  - IQKeyboardManager (6.5.5)
  - Mantle (2.1.1):
    - Mantle/extobjc (= 2.1.1)
  - Mantle/extobjc (2.1.1)
  - Masonry (1.1.0)
  - MJExtension (3.0.17)
  - PinYin4Objc (1.1.1)
  - SAMKeychain (1.5.3)
  - SDWebImage (5.8.0):
    - SDWebImage/Core (= 5.8.0)
  - SDWebImage/Core (5.8.0)
  - Shimmer (1.0.2)
  - UINavigation-SXFixSpace (1.2.4)
  - YYText (1.0.7)

DEPENDENCIES:
  - AFNetworking/Reachability
  - CJBaseEffectKit/CJScaleHeadView
  - CJBaseHelper (from `../`)
  - CJBaseTest/Test (from `../`)
  - CJBaseTest/UITest (from `../`)
  - CJBaseUtil (from `../`)
  - CJFile/CJFileManager
  - CJFile/CJFileModel
  - CJFoundation (from `../`)
  - CJPicker (~> 1.3.2)
  - CJPopupView/CJPopoverView
  - CQDemoKit/BaseUtil (~> 0.5.9)
  - CQDemoKit/BaseVC (~> 0.5.9)
  - IQKeyboardManager
  - Mantle (~> 2.1.0)
  - Masonry
  - MJExtension (~> 3.0.13)
  - PinYin4Objc (~> 1.1.1)
  - SDWebImage
  - Shimmer (~> 1.0.2)
  - UINavigation-SXFixSpace
  - YYText (~> 1.0.7)

SPEC REPOS:
  https://gitee.com/dvlproad/dvlproadSpecs:
    - CJBaseEffectKit
  https://github.com/CocoaPods/Specs.git:
    - AFNetworking
    - CJFile
    - CJPicker
    - CJPopupView
    - CQDemoKit
    - IQKeyboardManager
    - Mantle
    - Masonry
    - MJExtension
    - PinYin4Objc
    - SAMKeychain
    - SDWebImage
    - Shimmer
    - UINavigation-SXFixSpace
    - YYText

EXTERNAL SOURCES:
  CJBaseHelper:
    :path: "../"
  CJBaseTest:
    :path: "../"
  CJBaseUtil:
    :path: "../"
  CJFoundation:
    :path: "../"

SPEC CHECKSUMS:
  AFNetworking: b6f891fdfaed196b46c7a83cf209e09697b94057
  CJBaseEffectKit: 8640801fa272a1d96a6edce2c994652ced0e519f
  CJBaseHelper: dd715e18591da9df5d06364098300591220f0535
  CJBaseTest: a7975369dd9cad3111ea8a8465ccdb1d50752499
  CJBaseUtil: 1bbf8d5f831dc12ae4bb06c8b5326bd39f3522e1
  CJFile: 6c1e6d55b3b94e8afbaa9f413f131301d15fdc48
  CJFoundation: 53b4df7152c6d6fd776f55f387c67f431b8574bd
  CJPicker: c33099d47323271b91c2ce112976d1bee19a70ce
  CJPopupView: c7685f6a0225a89c72d97ea946f2816b5442abaf
  CQDemoKit: ef311a1fbb8ba1c58d5974da948ddaceac5ac245
  IQKeyboardManager: 3a8b9e603f8b0eeaf5f096a1f2b2cfcf121992ef
  Mantle: 35238ae6f2e2b2d474fa7b67fee82a59fea71915
  Masonry: 678fab65091a9290e40e2832a55e7ab731aad201
  MJExtension: 74ec83124a68891619fb7ba9c5c811bbf1691076
  PinYin4Objc: 3fa9673610368330e2dfb688b1d19a35c3930a78
  SAMKeychain: 483e1c9f32984d50ca961e26818a534283b4cd5c
  SDWebImage: 84000f962cbfa70c07f19d2234cbfcf5d779b5dc
  Shimmer: c5374be1c2b0c9e292fb05b339a513cf291cac86
  UINavigation-SXFixSpace: 10f223253ebff2ceefa26694e23b7694269763c4
  YYText: 5c461d709e24d55a182d1441c41dc639a18a4849

PODFILE CHECKSUM: 06efc067c9587a13aa382be1c13a860479fd48be

COCOAPODS: 1.10.0
