PODS:
  - AFNetworking (3.1.0):
    - AFNetworking/NSURLSession (= 3.1.0)
    - AFNetworking/Reachability (= 3.1.0)
    - AFNetworking/Security (= 3.1.0)
    - AFNetworking/Serialization (= 3.1.0)
    - AFNetworking/UIKit (= 3.1.0)
  - AFNetworking/NSURLSession (3.1.0):
    - AFNetworking/Reachability
    - AFNetworking/Security
    - AFNetworking/Serialization
  - AFNetworking/Reachability (3.1.0)
  - AFNetworking/Security (3.1.0)
  - AFNetworking/Serialization (3.1.0)
  - AFNetworking/UIKit (3.1.0):
    - AFNetworking/NSURLSession
  - CJBaseUtil/CJDataUtil (0.1.1)
  - CJFile/CJFileManager (0.0.2)
  - CJFoundation/NSString (0.0.5)
  - CJMedia/CJPhotoBrowser (0.0.2):
    - Masonry
    - MBProgressHUD
    - SDWebImage
  - CJMedia/UIImagePickerControllerUtil (0.0.2)
  - CJNetwork/AFNetworkingUploadComponent (0.1.2):
    - CJNetwork/CJNetworkMonitor
  - CJNetwork/CJNetworkMonitor (0.1.2):
    - AFNetworking (~> 3.1.0)
  - JGActionSheet (1.0.5)
  - Mantle (2.1.0):
    - Mantle/extobjc (= 2.1.0)
  - Mantle/extobjc (2.1.0)
  - Masonry (1.0.2)
  - MBProgressHUD (1.0.0)
  - MJExtension (3.0.13)
  - MJPopupViewController (0.4)
  - MJRefresh (3.1.15)
  - NSOperationQueueUtil (0.0.1)
  - PinYin4Objc (1.1.1)
  - PureLayout (3.0.2)
  - SDCycleScrollView (1.74):
    - SDWebImage (>= 4.0.0)
  - SDWebImage (4.2.2):
    - SDWebImage/Core (= 4.2.2)
  - SDWebImage/Core (4.2.2)
  - Shimmer (1.0.2)

DEPENDENCIES:
  - CJBaseUtil/CJDataUtil (~> 0.1.1)
  - CJFile/CJFileManager (~> 0.0.2)
  - CJFoundation/NSString (~> 0.0.4)
  - CJMedia/CJPhotoBrowser (~> 0.0.2)
  - CJMedia/UIImagePickerControllerUtil (~> 0.0.2)
  - CJNetwork/AFNetworkingUploadComponent (~> 0.1.2)
  - JGActionSheet (~> 1.0.5)
  - Mantle (~> 2.1.0)
  - Masonry (~> 1.0.2)
  - MBProgressHUD (~> 1.0.0)
  - MJExtension (~> 3.0.13)
  - MJPopupViewController (~> 0.4)
  - MJRefresh (~> 3.1.12)
  - NSOperationQueueUtil (~> 0.0.1)
  - PinYin4Objc (~> 1.1.1)
  - PureLayout (~> 3.0.2)
  - SDCycleScrollView (~> 1.73)
  - Shimmer (~> 1.0.2)

SPEC CHECKSUMS:
  AFNetworking: 5e0e199f73d8626b11e79750991f5d173d1f8b67
  CJBaseUtil: c1681e39a06c2c50b00b9a2e0523f4bfb723667b
  CJFile: 0b7c5e328318a7443638cf564b5f3d5d530c7df3
  CJFoundation: 0fa159680ecba5b0425dae6a633b75afb08eb62c
  CJMedia: 6cba3f3d9e9dd1a95850911371e3604df0e01800
  CJNetwork: b806691372fe233a5998e3d2494e9c9a1c11ce59
  JGActionSheet: 2cfca820b57a11ec4b4a5655d45ee599fbeddc05
  Mantle: 2fa750afa478cd625a94230fbf1c13462f29395b
  Masonry: 7c429b56da9d4ee0bbb3ed77a5ea710d6a5df39e
  MBProgressHUD: 4890f671c94e8a0f3cf959aa731e9de2f036d71a
  MJExtension: 5932755f451458eefa24239358817f8d291240c7
  MJPopupViewController: e9ad553a3145eb8126ba2748e872ae7fb25cc605
  MJRefresh: 9af70f5f9327a2cf87f0fb5929f35fcc2fa638ea
  NSOperationQueueUtil: 5fc4a680df594ec543130708b54a478d037cb933
  PinYin4Objc: 3fa9673610368330e2dfb688b1d19a35c3930a78
  PureLayout: 4d550abe49a94f24c2808b9b95db9131685fe4cd
  SDCycleScrollView: f821215226f6146a35470721a9d6e83ec5cfb04b
  SDWebImage: 89a9d32cd520bbb46eb14e541d5109b3564af198
  Shimmer: c5374be1c2b0c9e292fb05b339a513cf291cac86

PODFILE CHECKSUM: 6f41c4a7ba9940eb719e5498e15f0836c4af435f

COCOAPODS: 1.4.0.beta.1
