PODS:
  - AFNetworking/Reachability (4.0.1)
  - CJBaseEffectKit/CJScaleHeadView (0.2.0)
  - CJBaseHelper (0.1.7):
    - CJBaseHelper/AppInfoCJHelper (= 0.1.7)
    - CJBaseHelper/AuthorizationCJHelper (= 0.1.7)
    - CJBaseHelper/DeviceCJHelper (= 0.1.7)
    - CJBaseHelper/HookCJHelper (= 0.1.7)
    - CJBaseHelper/NSCalendarCJHelper (= 0.1.7)
    - CJBaseHelper/NSDateFormatterCJHelper (= 0.1.7)
    - CJBaseHelper/NSObjectCJHelper (= 0.1.7)
    - CJBaseHelper/NSOperationQueueCJHelper (= 0.1.7)
    - CJBaseHelper/ServerCJHelper (= 0.1.7)
    - CJBaseHelper/UIViewControllerCJHelper (= 0.1.7)
    - CJBaseHelper/WebCJHelper (= 0.1.7)
  - CJBaseHelper/AppInfoCJHelper (0.1.7)
  - CJBaseHelper/AuthorizationCJHelper (0.1.7)
  - CJBaseHelper/DeviceCJHelper (0.1.7)
  - CJBaseHelper/HookCJHelper (0.1.7)
  - CJBaseHelper/NSCalendarCJHelper (0.1.7)
  - CJBaseHelper/NSDateFormatterCJHelper (0.1.7)
  - CJBaseHelper/NSObjectCJHelper (0.1.7)
  - CJBaseHelper/NSOperationQueueCJHelper (0.1.7)
  - CJBaseHelper/ServerCJHelper (0.1.7)
  - CJBaseHelper/UIViewControllerCJHelper (0.1.7)
  - CJBaseHelper/WebCJHelper (0.1.7)
  - CJBaseUtil (0.5.1):
    - CJBaseUtil/CJAppLastUtil (= 0.5.1)
    - CJBaseUtil/CJCallUtil (= 0.5.1)
    - CJBaseUtil/CJDataUtil (= 0.5.1)
    - CJBaseUtil/CJDateUtil (= 0.5.1)
    - CJBaseUtil/CJIndentedStringUtil (= 0.5.1)
    - CJBaseUtil/CJKeyboardUtil (= 0.5.1)
    - CJBaseUtil/CJLaunchImageUtil (= 0.5.1)
    - CJBaseUtil/CJManager (= 0.5.1)
    - CJBaseUtil/CJPinyinHelper (= 0.5.1)
    - CJBaseUtil/CJQRCodeUtil (= 0.5.1)
  - CJBaseUtil/CJAppLastUtil (0.5.1):
    - SAMKeychain
  - CJBaseUtil/CJCallUtil (0.5.1)
  - CJBaseUtil/CJDataUtil (0.5.1)
  - CJBaseUtil/CJDateUtil (0.5.1)
  - CJBaseUtil/CJIndentedStringUtil (0.5.1)
  - CJBaseUtil/CJKeyboardUtil (0.5.1)
  - CJBaseUtil/CJLaunchImageUtil (0.5.1)
  - CJBaseUtil/CJManager (0.5.1):
    - CJBaseUtil/CJManager/CJLocationChangeManager (= 0.5.1)
    - CJBaseUtil/CJManager/CJModuleManager (= 0.5.1)
    - CJBaseUtil/CJManager/CJSuspendWindowManager (= 0.5.1)
    - CJBaseUtil/CJManager/CJTimerManager (= 0.5.1)
  - CJBaseUtil/CJManager/CJLocationChangeManager (0.5.1):
    - CJBaseUtil/CJDateUtil
  - CJBaseUtil/CJManager/CJModuleManager (0.5.1)
  - CJBaseUtil/CJManager/CJSuspendWindowManager (0.5.1)
  - CJBaseUtil/CJManager/CJTimerManager (0.5.1)
  - CJBaseUtil/CJPinyinHelper (0.5.1):
    - PinYin4Objc
  - CJBaseUtil/CJQRCodeUtil (0.5.1)
  - CJFile/CJFileManager (0.0.9)
  - CJFile/CJFileModel (0.0.9)
  - CJFoundation (0.1.3):
    - CJFoundation/NSDictionary (= 0.1.3)
    - CJFoundation/NSJSONSerialization (= 0.1.3)
    - CJFoundation/NSString (= 0.1.3)
  - CJFoundation/NSDictionary (0.1.3)
  - CJFoundation/NSJSONSerialization (0.1.3)
  - CJFoundation/NSString (0.1.3)
  - CJPopupView/CJPopoverView (2.1.0)
  - CQDemoKit/Auxiliary (0.7.6):
    - Masonry
  - CQDemoKit/BaseUIKit (0.7.6):
    - Masonry
  - CQDemoKit/BaseUtil (0.7.6)
  - CQDemoKit/BaseVC (0.7.6):
    - CQDemoKit/BaseVC/Base (= 0.7.6)
    - CQDemoKit/BaseVC/Collection (= 0.7.6)
    - CQDemoKit/BaseVC/ScrollView (= 0.7.6)
    - CQDemoKit/BaseVC/TabBar (= 0.7.6)
    - CQDemoKit/BaseVC/TableView (= 0.7.6)
    - CQDemoKit/BaseVC/TextView (= 0.7.6)
    - CQDemoKit/Helper
  - CQDemoKit/BaseVC/Base (0.7.6):
    - CQDemoKit/BaseUIKit
    - CQDemoKit/Helper
    - Masonry
  - CQDemoKit/BaseVC/Collection (0.7.6):
    - CQDemoKit/BaseVC/Base
    - CQDemoKit/Helper
  - CQDemoKit/BaseVC/ScrollView (0.7.6):
    - CQDemoKit/BaseVC/Base
    - CQDemoKit/Helper
  - CQDemoKit/BaseVC/TabBar (0.7.6):
    - CQDemoKit/Helper
  - CQDemoKit/BaseVC/TableView (0.7.6):
    - CQDemoKit/BaseVC/Base
    - CQDemoKit/Helper
  - CQDemoKit/BaseVC/TextView (0.7.6):
    - CQDemoKit/BaseUtil
    - CQDemoKit/BaseVC/Base
    - CQDemoKit/Helper
  - CQDemoKit/Demo_DataSourceAndDelegate (0.7.6):
    - CQDemoKit/BaseVC
    - CQDemoKit/Demo_Resource
  - CQDemoKit/Demo_Resource (0.7.6):
    - CQDemoKit/BaseUIKit
    - CQDemoKit/Helper
  - CQDemoKit/Demo_RipeView (0.7.6):
    - CQDemoKit/BaseUIKit
    - CQDemoKit/BaseUtil
    - CQDemoKit/Demo_DataSourceAndDelegate
    - CQDemoKit/Demo_Resource
  - CQDemoKit/Helper (0.7.6)
  - IQKeyboardManager (6.5.11)
  - Mantle (2.1.6):
    - Mantle/extobjc (= 2.1.6)
  - Mantle/extobjc (2.1.6)
  - Masonry (1.1.0)
  - MJExtension (3.0.17)
  - PinYin4Objc (1.1.1)
  - SAMKeychain (1.5.3)
  - Shimmer (1.0.2)
  - UINavigation-SXFixSpace (1.2.4)
  - YYText (1.0.7)

DEPENDENCIES:
  - AFNetworking/Reachability
  - CJBaseEffectKit/CJScaleHeadView
  - CJBaseHelper (from `../`)
  - CJBaseUtil (from `../`)
  - CJFile/CJFileManager
  - CJFile/CJFileModel
  - CJFoundation (from `../`)
  - CJPopupView/CJPopoverView
  - CQDemoKit/Auxiliary (~> 0.7.6)
  - CQDemoKit/BaseUIKit (~> 0.7.6)
  - CQDemoKit/BaseUtil (~> 0.7.6)
  - CQDemoKit/BaseVC (~> 0.7.6)
  - CQDemoKit/Demo_Resource (~> 0.7.6)
  - CQDemoKit/Demo_RipeView (~> 0.7.6)
  - IQKeyboardManager
  - Mantle (~> 2.1.0)
  - Masonry
  - MJExtension (~> 3.0.13)
  - Shimmer (~> 1.0.2)
  - UINavigation-SXFixSpace
  - YYText (~> 1.0.7)

SPEC REPOS:
  https://gitee.com/dvlproad/dvlproadSpecs:
    - CJBaseEffectKit
  https://github.com/CocoaPods/Specs.git:
    - AFNetworking
    - CJFile
    - CJPopupView
    - CQDemoKit
    - IQKeyboardManager
    - Mantle
    - Masonry
    - MJExtension
    - PinYin4Objc
    - SAMKeychain
    - Shimmer
    - UINavigation-SXFixSpace
    - YYText

EXTERNAL SOURCES:
  CJBaseHelper:
    :path: "../"
  CJBaseUtil:
    :path: "../"
  CJFoundation:
    :path: "../"

SPEC CHECKSUMS:
  AFNetworking: 3bd23d814e976cd148d7d44c3ab78017b744cd58
  CJBaseEffectKit: 8640801fa272a1d96a6edce2c994652ced0e519f
  CJBaseHelper: 71c9d695c76736b2fc66123157d5626da4556177
  CJBaseUtil: 1bbf8d5f831dc12ae4bb06c8b5326bd39f3522e1
  CJFile: 6c1e6d55b3b94e8afbaa9f413f131301d15fdc48
  CJFoundation: 53b4df7152c6d6fd776f55f387c67f431b8574bd
  CJPopupView: c7685f6a0225a89c72d97ea946f2816b5442abaf
  CQDemoKit: fe9351204eeaeba1af1687972aeffaf084b32191
  IQKeyboardManager: ef43ce1ba1e5aaf4adf222c0a46f39761f246879
  Mantle: 4c0ed6ce47c96eccc4dc3bb071deb3def0e2c3be
  Masonry: 678fab65091a9290e40e2832a55e7ab731aad201
  MJExtension: 74ec83124a68891619fb7ba9c5c811bbf1691076
  PinYin4Objc: 3fa9673610368330e2dfb688b1d19a35c3930a78
  SAMKeychain: 483e1c9f32984d50ca961e26818a534283b4cd5c
  Shimmer: c5374be1c2b0c9e292fb05b339a513cf291cac86
  UINavigation-SXFixSpace: 10f223253ebff2ceefa26694e23b7694269763c4
  YYText: 5c461d709e24d55a182d1441c41dc639a18a4849

PODFILE CHECKSUM: f9c7dae5f670d64c4128c7f3e6831636ec48d16b

COCOAPODS: 1.16.2
